
Microsoft Visual Studio Solution File, Format Version 12.00
# Visual Studio Version 17
VisualStudioVersion = 17.0.31903.59
MinimumVisualStudioVersion = 10.0.40219.1
Project("{FAE04EC0-301F-11D3-BF4B-00C04F79EFBC}") = "Deepgram.Microphone", "Deepgram.Microphone\Deepgram.Microphone.csproj", "{7CA45BB1-C2CB-468F-8CDF-21F1BD65C5AF}"
EndProject
Project("{FAE04EC0-301F-11D3-BF4B-00C04F79EFBC}") = "Deepgram.Tests", "Deepgram.Tests\Deepgram.Tests.csproj", "{1897BE83-0F1C-4409-8B49-FDAEC82470C5}"
EndProject
Project("{FAE04EC0-301F-11D3-BF4B-00C04F79EFBC}") = "Deepgram", "Deepgram\Deepgram.csproj", "{0CF120E3-CAB7-4FAD-915F-19BA869239F7}"
EndProject
Project("{2150E333-8FDC-42A3-9474-1A3956D46DE8}") = "examples", "examples", "{EB85CC21-9BCC-4265-96CC-655A17ADF86D}"
EndProject
Project("{FAE04EC0-301F-11D3-BF4B-00C04F79EFBC}") = "Deepgram.Examples.Analyze.Intent", "examples\Deepgram.Examples.Analyze.Intent\Deepgram.Examples.Analyze.Intent.csproj", "{BB208398-4B46-4DB5-B9E3-FAD1670A328D}"
EndProject
Project("{FAE04EC0-301F-11D3-BF4B-00C04F79EFBC}") = "Deepgram.Examples.Analyze.Sentiment", "examples\Deepgram.Examples.Analyze.Sentiment\Deepgram.Examples.Analyze.Sentiment.csproj", "{D2B35409-FA31-4EAE-978B-BD32199D2341}"
EndProject
Project("{FAE04EC0-301F-11D3-BF4B-00C04F79EFBC}") = "Deepgram.Examples.Analyze.Summary", "examples\Deepgram.Examples.Analyze.Summary\Deepgram.Examples.Analyze.Summary.csproj", "{6B4834B3-C9B4-47C3-8812-4743B26E42C9}"
EndProject
Project("{FAE04EC0-301F-11D3-BF4B-00C04F79EFBC}") = "Deepgram.Examples.Analyze.Topic", "examples\Deepgram.Examples.Analyze.Topic\Deepgram.Examples.Analyze.Topic.csproj", "{4AF13653-3D33-4402-A68B-0E2C7591FC3C}"
EndProject
Project("{FAE04EC0-301F-11D3-BF4B-00C04F79EFBC}") = "Deepgram.Examples.Manage.Balances", "examples\Deepgram.Examples.Manage.Balances\Deepgram.Examples.Manage.Balances.csproj", "{E13D42EC-45D4-4493-B6D5-6FEEED12538A}"
EndProject
Project("{FAE04EC0-301F-11D3-BF4B-00C04F79EFBC}") = "Deepgram.Examples.Manage.Invitations", "examples\Deepgram.Examples.Manage.Invitations\Deepgram.Examples.Manage.Invitations.csproj", "{D9480E28-9186-4F91-81C7-79CABCEDC990}"
EndProject
Project("{FAE04EC0-301F-11D3-BF4B-00C04F79EFBC}") = "Deepgram.Examples.Manage.Keys", "examples\Deepgram.Examples.Manage.Keys\Deepgram.Examples.Manage.Keys.csproj", "{736440F0-AC08-438E-BEBD-17E3B478DFCF}"
EndProject
Project("{FAE04EC0-301F-11D3-BF4B-00C04F79EFBC}") = "Deepgram.Examples.Manage.Members", "examples\Deepgram.Examples.Manage.Members\Deepgram.Examples.Manage.Members.csproj", "{E9D90D83-9996-4B39-964D-A2F1DDEB2196}"
EndProject
Project("{FAE04EC0-301F-11D3-BF4B-00C04F79EFBC}") = "Deepgram.Examples.Manage.Models", "examples\Deepgram.Examples.Manage.Models\Deepgram.Examples.Manage.Models.csproj", "{6C279B71-30A2-493C-82D8-1BE957E6F1FF}"
EndProject
Project("{FAE04EC0-301F-11D3-BF4B-00C04F79EFBC}") = "Deepgram.Examples.Manage.Projects", "examples\Deepgram.Examples.Manage.Projects\Deepgram.Examples.Manage.Projects.csproj", "{97616AC9-DFB6-443A-AA52-C8DB2CBA1265}"
EndProject
Project("{FAE04EC0-301F-11D3-BF4B-00C04F79EFBC}") = "Deepgram.Examples.Manage.Scopes", "examples\Deepgram.Examples.Manage.Scopes\Deepgram.Examples.Manage.Scopes.csproj", "{FCBDF841-02AC-4C47-B6DE-CAAED5982E90}"
EndProject
Project("{FAE04EC0-301F-11D3-BF4B-00C04F79EFBC}") = "Deepgram.Examples.Manage.Usage", "examples\Deepgram.Examples.Manage.Usage\Deepgram.Examples.Manage.Usage.csproj", "{09903C4E-0FE6-4198-81D3-F4BD54E2F06B}"
EndProject
Project("{FAE04EC0-301F-11D3-BF4B-00C04F79EFBC}") = "Deepgram.Examples.SpeechToText.Rest.File", "examples\Deepgram.Examples.SpeechToText.Rest.File\Deepgram.Examples.SpeechToText.Rest.File.csproj", "{AC8AB221-6623-4CEB-A12F-18F611B21566}"
EndProject
Project("{FAE04EC0-301F-11D3-BF4B-00C04F79EFBC}") = "Deepgram.Examples.SpeechToText.Rest.Intent", "examples\Deepgram.Examples.SpeechToText.Rest.Intent\Deepgram.Examples.SpeechToText.Rest.Intent.csproj", "{5F6EF4BF-9322-4D0D-8E1D-EC4CE5AAF444}"
EndProject
Project("{FAE04EC0-301F-11D3-BF4B-00C04F79EFBC}") = "Deepgram.Examples.SpeechToText.Rest.Sentiment", "examples\Deepgram.Examples.SpeechToText.Rest.Sentiment\Deepgram.Examples.SpeechToText.Rest.Sentiment.csproj", "{2F6288B7-7254-43A1-AEFF-8B0649230CAB}"
EndProject
Project("{FAE04EC0-301F-11D3-BF4B-00C04F79EFBC}") = "Deepgram.Examples.SpeechToText.Rest.Summary", "examples\Deepgram.Examples.SpeechToText.Rest.Summary\Deepgram.Examples.SpeechToText.Rest.Summary.csproj", "{B820741C-6DE8-4AEB-B086-10AB4BA9E7AD}"
EndProject
Project("{FAE04EC0-301F-11D3-BF4B-00C04F79EFBC}") = "Deepgram.Examples.SpeechToText.Rest.Topic", "examples\Deepgram.Examples.SpeechToText.Rest.Topic\Deepgram.Examples.SpeechToText.Rest.Topic.csproj", "{A23B61B4-A0D3-42F1-8923-F8BF9A9ED31D}"
EndProject
Project("{FAE04EC0-301F-11D3-BF4B-00C04F79EFBC}") = "Deepgram.Examples.SpeechToText.Rest.Url", "examples\Deepgram.Examples.SpeechToText.Rest.Url\Deepgram.Examples.SpeechToText.Rest.Url.csproj", "{E9A120AA-9F07-44E5-953B-FC3CEDACDB37}"
EndProject
Project("{FAE04EC0-301F-11D3-BF4B-00C04F79EFBC}") = "Deepgram.Examples.SpeechToText.Websocket.File", "examples\Deepgram.Examples.SpeechToText.Websocket.File\Deepgram.Examples.SpeechToText.Websocket.File.csproj", "{EE8BF074-539B-4573-A2BF-4C6A3F1D3956}"
EndProject
Project("{FAE04EC0-301F-11D3-BF4B-00C04F79EFBC}") = "Deepgram.Examples.SpeechToText.Websocket.Http", "examples\Deepgram.Examples.SpeechToText.Websocket.Http\Deepgram.Examples.SpeechToText.Websocket.Http.csproj", "{07331F62-8816-4860-8674-02CCEDF8E58F}"
EndProject
Project("{FAE04EC0-301F-11D3-BF4B-00C04F79EFBC}") = "Deepgram.Examples.SpeechToText.Websocket.Microphone", "examples\Deepgram.Examples.SpeechToText.Websocket.Microphone\Deepgram.Examples.SpeechToText.Websocket.Microphone.csproj", "{F5DB1ABF-429B-4406-BC3A-2A6BB7B14264}"
EndProject
Project("{FAE04EC0-301F-11D3-BF4B-00C04F79EFBC}") = "Deepgram.Examples.TextToSpeech.Rest.File.HelloWorld", "examples\Deepgram.Examples.TextToSpeech.Rest.File.HelloWorld\Deepgram.Examples.TextToSpeech.Rest.File.HelloWorld.csproj", "{C02BE4D8-0F98-45B0-B66C-0795DA2ED44C}"
EndProject
Project("{FAE04EC0-301F-11D3-BF4B-00C04F79EFBC}") = "Deepgram.Examples.TextToSpeech.Rest.File.WoodChuck", "examples\Deepgram.Examples.TextToSpeech.Rest.File.WoodChuck\Deepgram.Examples.TextToSpeech.Rest.File.WoodChuck.csproj", "{079D4774-A3F6-48E4-AE31-E117430CD12C}"
EndProject
Project("{FAE04EC0-301F-11D3-BF4B-00C04F79EFBC}") = "Deepgram.Examples.TextToSpeech.Websocket.Simple", "examples\Deepgram.Examples.TextToSpeech.Websocket.Simple\Deepgram.Examples.TextToSpeech.Websocket.Simple.csproj", "{7000E1D8-BA6D-473C-B2FE-D835B0F42906}"
EndProject
Project("{2150E333-8FDC-42A3-9474-1A3956D46DE8}") = "tests", "tests", "{1A015F52-9174-4A15-8C77-C8AA153DCC5F}"
EndProject
Project("{FAE04EC0-301F-11D3-BF4B-00C04F79EFBC}") = "Deepgram.Tests.EdgeCases.KeepAlive", "tests\Deepgram.Tests.EdgeCases.KeepAlive\Deepgram.Tests.EdgeCases.KeepAlive.csproj", "{1D0FBABE-6E50-4F02-996A-FFA0E63EE7E7}"
EndProject
Project("{FAE04EC0-301F-11D3-BF4B-00C04F79EFBC}") = "Deepgram.Tests.EdgeCases.ReuseReconnect", "tests\Deepgram.Tests.EdgeCases.ReuseReconnect\Deepgram.Tests.EdgeCases.ReuseReconnect.csproj", "{176F3607-9F53-4B4C-A6EB-70C6F5D3C884}"
EndProject
Project("{FAE04EC0-301F-11D3-BF4B-00C04F79EFBC}") = "Deepgram.Tests.EdgeCases.SpeechToText.V1.ClientExample", "tests\Deepgram.Tests.EdgeCases.SpeechToText.V1.ClientExample\Deepgram.Tests.EdgeCases.SpeechToText.V1.ClientExample.csproj", "{2A1A1FC9-24A5-4FA9-84F2-2B3B578FE081}"
EndProject
Project("{FAE04EC0-301F-11D3-BF4B-00C04F79EFBC}") = "Deepgram.Tests.EdgeCases.TextToSpeech.V1.ClientExample", "tests\Deepgram.Tests.EdgeCases.TextToSpeech.V1.ClientExample\Deepgram.Tests.EdgeCases.TextToSpeech.V1.ClientExample.csproj", "{5FECDC3C-1D9F-437D-A212-5187D692E880}"
EndProject
Project("{FAE04EC0-301F-11D3-BF4B-00C04F79EFBC}") = "Deepgram.Tests.ExpectedFailures.Rest.BadHost", "tests\Deepgram.Tests.ExpectedFailures.Rest.BadHost\Deepgram.Tests.ExpectedFailures.Rest.BadHost.csproj", "{020AD025-F982-4703-931C-3A949B005854}"
EndProject
Project("{FAE04EC0-301F-11D3-BF4B-00C04F79EFBC}") = "Deepgram.Tests.ExpectedFailures.Rest.ThrowException", "tests\Deepgram.Tests.ExpectedFailures.Rest.ThrowException\Deepgram.Tests.ExpectedFailures.Rest.ThrowException.csproj", "{4637C7EE-AF14-425A-BD1E-F5150B0A8845}"
EndProject
Project("{FAE04EC0-301F-11D3-BF4B-00C04F79EFBC}") = "Deepgram.Tests.ExpectedFailures.Rest.TriggerCancel", "tests\Deepgram.Tests.ExpectedFailures.Rest.TriggerCancel\Deepgram.Tests.ExpectedFailures.Rest.TriggerCancel.csproj", "{D5F73F1F-D140-45A8-9E55-9F3C1F7D1F5C}"
EndProject
Project("{FAE04EC0-301F-11D3-BF4B-00C04F79EFBC}") = "Deepgram.Tests.ExpectedFailures.Websocket.CreateTimeout", "tests\Deepgram.Tests.ExpectedFailures.Websocket.CreateTimeout\Deepgram.Tests.ExpectedFailures.Websocket.CreateTimeout.csproj", "{1CA0AFF4-7985-4F51-8F35-7FD9C458F2D5}"
EndProject
Global
	GlobalSection(SolutionConfigurationPlatforms) = preSolution
		Debug|Any CPU = Debug|Any CPU
		Release|Any CPU = Release|Any CPU
	EndGlobalSection
	GlobalSection(SolutionProperties) = preSolution
		HideSolutionNode = FALSE
	EndGlobalSection
	GlobalSection(ProjectConfigurationPlatforms) = postSolution
		{7CA45BB1-C2CB-468F-8CDF-21F1BD65C5AF}.Debug|Any CPU.ActiveCfg = Debug|Any CPU
		{7CA45BB1-C2CB-468F-8CDF-21F1BD65C5AF}.Debug|Any CPU.Build.0 = Debug|Any CPU
		{7CA45BB1-C2CB-468F-8CDF-21F1BD65C5AF}.Release|Any CPU.ActiveCfg = Release|Any CPU
		{7CA45BB1-C2CB-468F-8CDF-21F1BD65C5AF}.Release|Any CPU.Build.0 = Release|Any CPU
		{1897BE83-0F1C-4409-8B49-FDAEC82470C5}.Debug|Any CPU.ActiveCfg = Debug|Any CPU
		{1897BE83-0F1C-4409-8B49-FDAEC82470C5}.Debug|Any CPU.Build.0 = Debug|Any CPU
		{1897BE83-0F1C-4409-8B49-FDAEC82470C5}.Release|Any CPU.ActiveCfg = Release|Any CPU
		{1897BE83-0F1C-4409-8B49-FDAEC82470C5}.Release|Any CPU.Build.0 = Release|Any CPU
		{0CF120E3-CAB7-4FAD-915F-19BA869239F7}.Debug|Any CPU.ActiveCfg = Debug|Any CPU
		{0CF120E3-CAB7-4FAD-915F-19BA869239F7}.Debug|Any CPU.Build.0 = Debug|Any CPU
		{0CF120E3-CAB7-4FAD-915F-19BA869239F7}.Release|Any CPU.ActiveCfg = Release|Any CPU
		{0CF120E3-CAB7-4FAD-915F-19BA869239F7}.Release|Any CPU.Build.0 = Release|Any CPU
		{BB208398-4B46-4DB5-B9E3-FAD1670A328D}.Debug|Any CPU.ActiveCfg = Debug|Any CPU
		{BB208398-4B46-4DB5-B9E3-FAD1670A328D}.Debug|Any CPU.Build.0 = Debug|Any CPU
		{BB208398-4B46-4DB5-B9E3-FAD1670A328D}.Release|Any CPU.ActiveCfg = Release|Any CPU
		{BB208398-4B46-4DB5-B9E3-FAD1670A328D}.Release|Any CPU.Build.0 = Release|Any CPU
		{D2B35409-FA31-4EAE-978B-BD32199D2341}.Debug|Any CPU.ActiveCfg = Debug|Any CPU
		{D2B35409-FA31-4EAE-978B-BD32199D2341}.Debug|Any CPU.Build.0 = Debug|Any CPU
		{D2B35409-FA31-4EAE-978B-BD32199D2341}.Release|Any CPU.ActiveCfg = Release|Any CPU
		{D2B35409-FA31-4EAE-978B-BD32199D2341}.Release|Any CPU.Build.0 = Release|Any CPU
		{6B4834B3-C9B4-47C3-8812-4743B26E42C9}.Debug|Any CPU.ActiveCfg = Debug|Any CPU
		{6B4834B3-C9B4-47C3-8812-4743B26E42C9}.Debug|Any CPU.Build.0 = Debug|Any CPU
		{6B4834B3-C9B4-47C3-8812-4743B26E42C9}.Release|Any CPU.ActiveCfg = Release|Any CPU
		{6B4834B3-C9B4-47C3-8812-4743B26E42C9}.Release|Any CPU.Build.0 = Release|Any CPU
		{4AF13653-3D33-4402-A68B-0E2C7591FC3C}.Debug|Any CPU.ActiveCfg = Debug|Any CPU
		{4AF13653-3D33-4402-A68B-0E2C7591FC3C}.Debug|Any CPU.Build.0 = Debug|Any CPU
		{4AF13653-3D33-4402-A68B-0E2C7591FC3C}.Release|Any CPU.ActiveCfg = Release|Any CPU
		{4AF13653-3D33-4402-A68B-0E2C7591FC3C}.Release|Any CPU.Build.0 = Release|Any CPU
		{E13D42EC-45D4-4493-B6D5-6FEEED12538A}.Debug|Any CPU.ActiveCfg = Debug|Any CPU
		{E13D42EC-45D4-4493-B6D5-6FEEED12538A}.Debug|Any CPU.Build.0 = Debug|Any CPU
		{E13D42EC-45D4-4493-B6D5-6FEEED12538A}.Release|Any CPU.ActiveCfg = Release|Any CPU
		{E13D42EC-45D4-4493-B6D5-6FEEED12538A}.Release|Any CPU.Build.0 = Release|Any CPU
		{D9480E28-9186-4F91-81C7-79CABCEDC990}.Debug|Any CPU.ActiveCfg = Debug|Any CPU
		{D9480E28-9186-4F91-81C7-79CABCEDC990}.Debug|Any CPU.Build.0 = Debug|Any CPU
		{D9480E28-9186-4F91-81C7-79CABCEDC990}.Release|Any CPU.ActiveCfg = Release|Any CPU
		{D9480E28-9186-4F91-81C7-79CABCEDC990}.Release|Any CPU.Build.0 = Release|Any CPU
		{736440F0-AC08-438E-BEBD-17E3B478DFCF}.Debug|Any CPU.ActiveCfg = Debug|Any CPU
		{736440F0-AC08-438E-BEBD-17E3B478DFCF}.Debug|Any CPU.Build.0 = Debug|Any CPU
		{736440F0-AC08-438E-BEBD-17E3B478DFCF}.Release|Any CPU.ActiveCfg = Release|Any CPU
		{736440F0-AC08-438E-BEBD-17E3B478DFCF}.Release|Any CPU.Build.0 = Release|Any CPU
		{E9D90D83-9996-4B39-964D-A2F1DDEB2196}.Debug|Any CPU.ActiveCfg = Debug|Any CPU
		{E9D90D83-9996-4B39-964D-A2F1DDEB2196}.Debug|Any CPU.Build.0 = Debug|Any CPU
		{E9D90D83-9996-4B39-964D-A2F1DDEB2196}.Release|Any CPU.ActiveCfg = Release|Any CPU
		{E9D90D83-9996-4B39-964D-A2F1DDEB2196}.Release|Any CPU.Build.0 = Release|Any CPU
		{6C279B71-30A2-493C-82D8-1BE957E6F1FF}.Debug|Any CPU.ActiveCfg = Debug|Any CPU
		{6C279B71-30A2-493C-82D8-1BE957E6F1FF}.Debug|Any CPU.Build.0 = Debug|Any CPU
		{6C279B71-30A2-493C-82D8-1BE957E6F1FF}.Release|Any CPU.ActiveCfg = Release|Any CPU
		{6C279B71-30A2-493C-82D8-1BE957E6F1FF}.Release|Any CPU.Build.0 = Release|Any CPU
		{97616AC9-DFB6-443A-AA52-C8DB2CBA1265}.Debug|Any CPU.ActiveCfg = Debug|Any CPU
		{97616AC9-DFB6-443A-AA52-C8DB2CBA1265}.Debug|Any CPU.Build.0 = Debug|Any CPU
		{97616AC9-DFB6-443A-AA52-C8DB2CBA1265}.Release|Any CPU.ActiveCfg = Release|Any CPU
		{97616AC9-DFB6-443A-AA52-C8DB2CBA1265}.Release|Any CPU.Build.0 = Release|Any CPU
		{FCBDF841-02AC-4C47-B6DE-CAAED5982E90}.Debug|Any CPU.ActiveCfg = Debug|Any CPU
		{FCBDF841-02AC-4C47-B6DE-CAAED5982E90}.Debug|Any CPU.Build.0 = Debug|Any CPU
		{FCBDF841-02AC-4C47-B6DE-CAAED5982E90}.Release|Any CPU.ActiveCfg = Release|Any CPU
		{FCBDF841-02AC-4C47-B6DE-CAAED5982E90}.Release|Any CPU.Build.0 = Release|Any CPU
		{09903C4E-0FE6-4198-81D3-F4BD54E2F06B}.Debug|Any CPU.ActiveCfg = Debug|Any CPU
		{09903C4E-0FE6-4198-81D3-F4BD54E2F06B}.Debug|Any CPU.Build.0 = Debug|Any CPU
		{09903C4E-0FE6-4198-81D3-F4BD54E2F06B}.Release|Any CPU.ActiveCfg = Release|Any CPU
		{09903C4E-0FE6-4198-81D3-F4BD54E2F06B}.Release|Any CPU.Build.0 = Release|Any CPU
		{AC8AB221-6623-4CEB-A12F-18F611B21566}.Debug|Any CPU.ActiveCfg = Debug|Any CPU
		{AC8AB221-6623-4CEB-A12F-18F611B21566}.Debug|Any CPU.Build.0 = Debug|Any CPU
		{AC8AB221-6623-4CEB-A12F-18F611B21566}.Release|Any CPU.ActiveCfg = Release|Any CPU
		{AC8AB221-6623-4CEB-A12F-18F611B21566}.Release|Any CPU.Build.0 = Release|Any CPU
		{5F6EF4BF-9322-4D0D-8E1D-EC4CE5AAF444}.Debug|Any CPU.ActiveCfg = Debug|Any CPU
		{5F6EF4BF-9322-4D0D-8E1D-EC4CE5AAF444}.Debug|Any CPU.Build.0 = Debug|Any CPU
		{5F6EF4BF-9322-4D0D-8E1D-EC4CE5AAF444}.Release|Any CPU.ActiveCfg = Release|Any CPU
		{5F6EF4BF-9322-4D0D-8E1D-EC4CE5AAF444}.Release|Any CPU.Build.0 = Release|Any CPU
		{2F6288B7-7254-43A1-AEFF-8B0649230CAB}.Debug|Any CPU.ActiveCfg = Debug|Any CPU
		{2F6288B7-7254-43A1-AEFF-8B0649230CAB}.Debug|Any CPU.Build.0 = Debug|Any CPU
		{2F6288B7-7254-43A1-AEFF-8B0649230CAB}.Release|Any CPU.ActiveCfg = Release|Any CPU
		{2F6288B7-7254-43A1-AEFF-8B0649230CAB}.Release|Any CPU.Build.0 = Release|Any CPU
		{B820741C-6DE8-4AEB-B086-10AB4BA9E7AD}.Debug|Any CPU.ActiveCfg = Debug|Any CPU
		{B820741C-6DE8-4AEB-B086-10AB4BA9E7AD}.Debug|Any CPU.Build.0 = Debug|Any CPU
		{B820741C-6DE8-4AEB-B086-10AB4BA9E7AD}.Release|Any CPU.ActiveCfg = Release|Any CPU
		{B820741C-6DE8-4AEB-B086-10AB4BA9E7AD}.Release|Any CPU.Build.0 = Release|Any CPU
		{A23B61B4-A0D3-42F1-8923-F8BF9A9ED31D}.Debug|Any CPU.ActiveCfg = Debug|Any CPU
		{A23B61B4-A0D3-42F1-8923-F8BF9A9ED31D}.Debug|Any CPU.Build.0 = Debug|Any CPU
		{A23B61B4-A0D3-42F1-8923-F8BF9A9ED31D}.Release|Any CPU.ActiveCfg = Release|Any CPU
		{A23B61B4-A0D3-42F1-8923-F8BF9A9ED31D}.Release|Any CPU.Build.0 = Release|Any CPU
		{E9A120AA-9F07-44E5-953B-FC3CEDACDB37}.Debug|Any CPU.ActiveCfg = Debug|Any CPU
		{E9A120AA-9F07-44E5-953B-FC3CEDACDB37}.Debug|Any CPU.Build.0 = Debug|Any CPU
		{E9A120AA-9F07-44E5-953B-FC3CEDACDB37}.Release|Any CPU.ActiveCfg = Release|Any CPU
		{E9A120AA-9F07-44E5-953B-FC3CEDACDB37}.Release|Any CPU.Build.0 = Release|Any CPU
		{EE8BF074-539B-4573-A2BF-4C6A3F1D3956}.Debug|Any CPU.ActiveCfg = Debug|Any CPU
		{EE8BF074-539B-4573-A2BF-4C6A3F1D3956}.Debug|Any CPU.Build.0 = Debug|Any CPU
		{EE8BF074-539B-4573-A2BF-4C6A3F1D3956}.Release|Any CPU.ActiveCfg = Release|Any CPU
		{EE8BF074-539B-4573-A2BF-4C6A3F1D3956}.Release|Any CPU.Build.0 = Release|Any CPU
		{07331F62-8816-4860-8674-02CCEDF8E58F}.Debug|Any CPU.ActiveCfg = Debug|Any CPU
		{07331F62-8816-4860-8674-02CCEDF8E58F}.Debug|Any CPU.Build.0 = Debug|Any CPU
		{07331F62-8816-4860-8674-02CCEDF8E58F}.Release|Any CPU.ActiveCfg = Release|Any CPU
		{07331F62-8816-4860-8674-02CCEDF8E58F}.Release|Any CPU.Build.0 = Release|Any CPU
		{F5DB1ABF-429B-4406-BC3A-2A6BB7B14264}.Debug|Any CPU.ActiveCfg = Debug|Any CPU
		{F5DB1ABF-429B-4406-BC3A-2A6BB7B14264}.Debug|Any CPU.Build.0 = Debug|Any CPU
		{F5DB1ABF-429B-4406-BC3A-2A6BB7B14264}.Release|Any CPU.ActiveCfg = Release|Any CPU
		{F5DB1ABF-429B-4406-BC3A-2A6BB7B14264}.Release|Any CPU.Build.0 = Release|Any CPU
		{C02BE4D8-0F98-45B0-B66C-0795DA2ED44C}.Debug|Any CPU.ActiveCfg = Debug|Any CPU
		{C02BE4D8-0F98-45B0-B66C-0795DA2ED44C}.Debug|Any CPU.Build.0 = Debug|Any CPU
		{C02BE4D8-0F98-45B0-B66C-0795DA2ED44C}.Release|Any CPU.ActiveCfg = Release|Any CPU
		{C02BE4D8-0F98-45B0-B66C-0795DA2ED44C}.Release|Any CPU.Build.0 = Release|Any CPU
		{079D4774-A3F6-48E4-AE31-E117430CD12C}.Debug|Any CPU.ActiveCfg = Debug|Any CPU
		{079D4774-A3F6-48E4-AE31-E117430CD12C}.Debug|Any CPU.Build.0 = Debug|Any CPU
		{079D4774-A3F6-48E4-AE31-E117430CD12C}.Release|Any CPU.ActiveCfg = Release|Any CPU
		{079D4774-A3F6-48E4-AE31-E117430CD12C}.Release|Any CPU.Build.0 = Release|Any CPU
		{7000E1D8-BA6D-473C-B2FE-D835B0F42906}.Debug|Any CPU.ActiveCfg = Debug|Any CPU
		{7000E1D8-BA6D-473C-B2FE-D835B0F42906}.Debug|Any CPU.Build.0 = Debug|Any CPU
		{7000E1D8-BA6D-473C-B2FE-D835B0F42906}.Release|Any CPU.ActiveCfg = Release|Any CPU
		{7000E1D8-BA6D-473C-B2FE-D835B0F42906}.Release|Any CPU.Build.0 = Release|Any CPU
		{1D0FBABE-6E50-4F02-996A-FFA0E63EE7E7}.Debug|Any CPU.ActiveCfg = Debug|Any CPU
		{1D0FBABE-6E50-4F02-996A-FFA0E63EE7E7}.Debug|Any CPU.Build.0 = Debug|Any CPU
		{1D0FBABE-6E50-4F02-996A-FFA0E63EE7E7}.Release|Any CPU.ActiveCfg = Release|Any CPU
		{1D0FBABE-6E50-4F02-996A-FFA0E63EE7E7}.Release|Any CPU.Build.0 = Release|Any CPU
		{176F3607-9F53-4B4C-A6EB-70C6F5D3C884}.Debug|Any CPU.ActiveCfg = Debug|Any CPU
		{176F3607-9F53-4B4C-A6EB-70C6F5D3C884}.Debug|Any CPU.Build.0 = Debug|Any CPU
		{176F3607-9F53-4B4C-A6EB-70C6F5D3C884}.Release|Any CPU.ActiveCfg = Release|Any CPU
		{176F3607-9F53-4B4C-A6EB-70C6F5D3C884}.Release|Any CPU.Build.0 = Release|Any CPU
		{2A1A1FC9-24A5-4FA9-84F2-2B3B578FE081}.Debug|Any CPU.ActiveCfg = Debug|Any CPU
		{2A1A1FC9-24A5-4FA9-84F2-2B3B578FE081}.Debug|Any CPU.Build.0 = Debug|Any CPU
		{2A1A1FC9-24A5-4FA9-84F2-2B3B578FE081}.Release|Any CPU.ActiveCfg = Release|Any CPU
		{2A1A1FC9-24A5-4FA9-84F2-2B3B578FE081}.Release|Any CPU.Build.0 = Release|Any CPU
		{5FECDC3C-1D9F-437D-A212-5187D692E880}.Debug|Any CPU.ActiveCfg = Debug|Any CPU
		{5FECDC3C-1D9F-437D-A212-5187D692E880}.Debug|Any CPU.Build.0 = Debug|Any CPU
		{5FECDC3C-1D9F-437D-A212-5187D692E880}.Release|Any CPU.ActiveCfg = Release|Any CPU
		{5FECDC3C-1D9F-437D-A212-5187D692E880}.Release|Any CPU.Build.0 = Release|Any CPU
		{020AD025-F982-4703-931C-3A949B005854}.Debug|Any CPU.ActiveCfg = Debug|Any CPU
		{020AD025-F982-4703-931C-3A949B005854}.Debug|Any CPU.Build.0 = Debug|Any CPU
		{020AD025-F982-4703-931C-3A949B005854}.Release|Any CPU.ActiveCfg = Release|Any CPU
		{020AD025-F982-4703-931C-3A949B005854}.Release|Any CPU.Build.0 = Release|Any CPU
		{4637C7EE-AF14-425A-BD1E-F5150B0A8845}.Debug|Any CPU.ActiveCfg = Debug|Any CPU
		{4637C7EE-AF14-425A-BD1E-F5150B0A8845}.Debug|Any CPU.Build.0 = Debug|Any CPU
		{4637C7EE-AF14-425A-BD1E-F5150B0A8845}.Release|Any CPU.ActiveCfg = Release|Any CPU
		{4637C7EE-AF14-425A-BD1E-F5150B0A8845}.Release|Any CPU.Build.0 = Release|Any CPU
		{D5F73F1F-D140-45A8-9E55-9F3C1F7D1F5C}.Debug|Any CPU.ActiveCfg = Debug|Any CPU
		{D5F73F1F-D140-45A8-9E55-9F3C1F7D1F5C}.Debug|Any CPU.Build.0 = Debug|Any CPU
		{D5F73F1F-D140-45A8-9E55-9F3C1F7D1F5C}.Release|Any CPU.ActiveCfg = Release|Any CPU
		{D5F73F1F-D140-45A8-9E55-9F3C1F7D1F5C}.Release|Any CPU.Build.0 = Release|Any CPU
		{1CA0AFF4-7985-4F51-8F35-7FD9C458F2D5}.Debug|Any CPU.ActiveCfg = Debug|Any CPU
		{1CA0AFF4-7985-4F51-8F35-7FD9C458F2D5}.Debug|Any CPU.Build.0 = Debug|Any CPU
		{1CA0AFF4-7985-4F51-8F35-7FD9C458F2D5}.Release|Any CPU.ActiveCfg = Release|Any CPU
		{1CA0AFF4-7985-4F51-8F35-7FD9C458F2D5}.Release|Any CPU.Build.0 = Release|Any CPU
	EndGlobalSection
	GlobalSection(NestedProjects) = preSolution
		{BB208398-4B46-4DB5-B9E3-FAD1670A328D} = {EB85CC21-9BCC-4265-96CC-655A17ADF86D}
		{D2B35409-FA31-4EAE-978B-BD32199D2341} = {EB85CC21-9BCC-4265-96CC-655A17ADF86D}
		{6B4834B3-C9B4-47C3-8812-4743B26E42C9} = {EB85CC21-9BCC-4265-96CC-655A17ADF86D}
		{4AF13653-3D33-4402-A68B-0E2C7591FC3C} = {EB85CC21-9BCC-4265-96CC-655A17ADF86D}
		{E13D42EC-45D4-4493-B6D5-6FEEED12538A} = {EB85CC21-9BCC-4265-96CC-655A17ADF86D}
		{D9480E28-9186-4F91-81C7-79CABCEDC990} = {EB85CC21-9BCC-4265-96CC-655A17ADF86D}
		{736440F0-AC08-438E-BEBD-17E3B478DFCF} = {EB85CC21-9BCC-4265-96CC-655A17ADF86D}
		{E9D90D83-9996-4B39-964D-A2F1DDEB2196} = {EB85CC21-9BCC-4265-96CC-655A17ADF86D}
		{6C279B71-30A2-493C-82D8-1BE957E6F1FF} = {EB85CC21-9BCC-4265-96CC-655A17ADF86D}
		{97616AC9-DFB6-443A-AA52-C8DB2CBA1265} = {EB85CC21-9BCC-4265-96CC-655A17ADF86D}
		{FCBDF841-02AC-4C47-B6DE-CAAED5982E90} = {EB85CC21-9BCC-4265-96CC-655A17ADF86D}
		{09903C4E-0FE6-4198-81D3-F4BD54E2F06B} = {EB85CC21-9BCC-4265-96CC-655A17ADF86D}
		{AC8AB221-6623-4CEB-A12F-18F611B21566} = {EB85CC21-9BCC-4265-96CC-655A17ADF86D}
		{5F6EF4BF-9322-4D0D-8E1D-EC4CE5AAF444} = {EB85CC21-9BCC-4265-96CC-655A17ADF86D}
		{2F6288B7-7254-43A1-AEFF-8B0649230CAB} = {EB85CC21-9BCC-4265-96CC-655A17ADF86D}
		{B820741C-6DE8-4AEB-B086-10AB4BA9E7AD} = {EB85CC21-9BCC-4265-96CC-655A17ADF86D}
		{A23B61B4-A0D3-42F1-8923-F8BF9A9ED31D} = {EB85CC21-9BCC-4265-96CC-655A17ADF86D}
		{E9A120AA-9F07-44E5-953B-FC3CEDACDB37} = {EB85CC21-9BCC-4265-96CC-655A17ADF86D}
		{EE8BF074-539B-4573-A2BF-4C6A3F1D3956} = {EB85CC21-9BCC-4265-96CC-655A17ADF86D}
		{07331F62-8816-4860-8674-02CCEDF8E58F} = {EB85CC21-9BCC-4265-96CC-655A17ADF86D}
		{F5DB1ABF-429B-4406-BC3A-2A6BB7B14264} = {EB85CC21-9BCC-4265-96CC-655A17ADF86D}
		{C02BE4D8-0F98-45B0-B66C-0795DA2ED44C} = {EB85CC21-9BCC-4265-96CC-655A17ADF86D}
		{079D4774-A3F6-48E4-AE31-E117430CD12C} = {EB85CC21-9BCC-4265-96CC-655A17ADF86D}
		{7000E1D8-BA6D-473C-B2FE-D835B0F42906} = {EB85CC21-9BCC-4265-96CC-655A17ADF86D}
		{1D0FBABE-6E50-4F02-996A-FFA0E63EE7E7} = {1A015F52-9174-4A15-8C77-C8AA153DCC5F}
		{176F3607-9F53-4B4C-A6EB-70C6F5D3C884} = {1A015F52-9174-4A15-8C77-C8AA153DCC5F}
		{2A1A1FC9-24A5-4FA9-84F2-2B3B578FE081} = {1A015F52-9174-4A15-8C77-C8AA153DCC5F}
		{5FECDC3C-1D9F-437D-A212-5187D692E880} = {1A015F52-9174-4A15-8C77-C8AA153DCC5F}
		{020AD025-F982-4703-931C-3A949B005854} = {1A015F52-9174-4A15-8C77-C8AA153DCC5F}
		{4637C7EE-AF14-425A-BD1E-F5150B0A8845} = {1A015F52-9174-4A15-8C77-C8AA153DCC5F}
		{D5F73F1F-D140-45A8-9E55-9F3C1F7D1F5C} = {1A015F52-9174-4A15-8C77-C8AA153DCC5F}
		{1CA0AFF4-7985-4F51-8F35-7FD9C458F2D5} = {1A015F52-9174-4A15-8C77-C8AA153DCC5F}
	EndGlobalSection
EndGlobal
