
Microsoft Visual Studio Solution File, Format Version 12.00
# Visual Studio Version 17
VisualStudioVersion = 17.0.31903.59
MinimumVisualStudioVersion = 10.0.40219.1
Project("{2150E333-8FDC-42A3-9474-1A3956D46DE8}") = "examples", "examples", "{8C977D25-E862-47D8-9B4A-0DDE5D9918C7}"
EndProject
Project("{2150E333-8FDC-42A3-9474-1A3956D46DE8}") = "text-to-speech", "text-to-speech", "{6FA3F2B1-78A7-4BDE-8EFF-42B0E31876D2}"
EndProject
Project("{2150E333-8FDC-42A3-9474-1A3956D46DE8}") = "rest", "rest", "{7D50C77F-B2E9-430C-9FD1-567399D73F4D}"
EndProject
Project("{2150E333-8FDC-42A3-9474-1A3956D46DE8}") = "file", "file", "{A76D11B7-5A88-444F-A536-54DE5F103AA6}"
EndProject
Project("{FAE04EC0-301F-11D3-BF4B-00C04F79EFBC}") = "Speak", "examples\text-to-speech\rest\file\woodchuck\Speak.csproj", "{626B1971-18AE-4B0D-BBB1-D462F0322BB7}"
EndProject
Project("{2150E333-8FDC-42A3-9474-1A3956D46DE8}") = "websocket", "websocket", "{8428A605-1F6E-4ADC-96DE-0738909278EB}"
EndProject
Project("{FAE04EC0-301F-11D3-BF4B-00C04F79EFBC}") = "Speak", "examples\text-to-speech\websocket\simple\Speak.csproj", "{5830350B-7836-4FEE-8391-622E913BB20D}"
EndProject
Project("{2150E333-8FDC-42A3-9474-1A3956D46DE8}") = "speech-to-text", "speech-to-text", "{F274D773-B8C5-4383-A243-C039C345D8A5}"
EndProject
Project("{2150E333-8FDC-42A3-9474-1A3956D46DE8}") = "rest", "rest", "{2EF9B6B2-2DAC-4E2E-8D1A-453D2C82F64B}"
EndProject
Project("{FAE04EC0-301F-11D3-BF4B-00C04F79EFBC}") = "PreRecorded", "examples\speech-to-text\rest\sentiment\PreRecorded.csproj", "{33BF6611-2352-499F-8CB7-F22CD5019331}"
EndProject
Project("{2150E333-8FDC-42A3-9474-1A3956D46DE8}") = "websocket", "websocket", "{57EEF9BA-E418-466F-886C-3EB2235AF4F6}"
EndProject
Project("{FAE04EC0-301F-11D3-BF4B-00C04F79EFBC}") = "Streaming", "examples\speech-to-text\websocket\file\Streaming.csproj", "{ED4E98D3-8969-48B3-B9B0-F2920837026D}"
EndProject
Project("{2150E333-8FDC-42A3-9474-1A3956D46DE8}") = "manage", "manage", "{85FFEF4A-C505-4733-BA87-5AF868A71089}"
EndProject
Project("{FAE04EC0-301F-11D3-BF4B-00C04F79EFBC}") = "Models", "examples\manage\models\Models.csproj", "{510A70F5-1868-41D7-BBDF-DFF2E6BDB33F}"
EndProject
Project("{FAE04EC0-301F-11D3-BF4B-00C04F79EFBC}") = "Manage", "examples\manage\keys\Manage.csproj", "{D24CC635-CBDA-4B75-845B-936259BE2BD0}"
EndProject
Project("{2150E333-8FDC-42A3-9474-1A3956D46DE8}") = "analyze", "analyze", "{068128F9-98B0-418F-B8AD-C60D6DC86E34}"
EndProject
Project("{FAE04EC0-301F-11D3-BF4B-00C04F79EFBC}") = "Analyze", "examples\analyze\sentiment\Analyze.csproj", "{823F5D16-FDD5-4D8D-A5F5-D1AF9BF212A6}"
EndProject
Project("{2150E333-8FDC-42A3-9474-1A3956D46DE8}") = "tests", "tests", "{0B88F3B1-20E2-48E3-9EB6-A00CA570A5FF}"
EndProject
Project("{2150E333-8FDC-42A3-9474-1A3956D46DE8}") = "edge_cases", "edge_cases", "{036CABD2-9521-4950-9455-BAC38BC42999}"
EndProject
Project("{FAE04EC0-301F-11D3-BF4B-00C04F79EFBC}") = "ReconnectStreaming", "tests\edge_cases\reconnect_same_object\ReconnectStreaming.csproj", "{8F45760F-944B-4C07-8236-023BE36FD1AE}"
EndProject
Project("{FAE04EC0-301F-11D3-BF4B-00C04F79EFBC}") = "KeepAlive", "tests\edge_cases\keepalive\KeepAlive.csproj", "{F80044FB-66DA-47F8-BFC3-EEB2418E37D5}"
EndProject
Project("{FAE04EC0-301F-11D3-BF4B-00C04F79EFBC}") = "Streaming", "tests\edge_cases\stt_v1_client_example\Streaming.csproj", "{A58D8C8C-C691-47A1-8244-31607DDCDFA2}"
EndProject
Project("{FAE04EC0-301F-11D3-BF4B-00C04F79EFBC}") = "Speak", "tests\edge_cases\tts_v1_client_example\Speak.csproj", "{7E27ED8E-140C-4736-8513-A7FAA27BDE69}"
EndProject
Project("{2150E333-8FDC-42A3-9474-1A3956D46DE8}") = "expected_failures", "expected_failures", "{AF613937-871A-4517-99E3-000F5091EFE4}"
EndProject
Project("{2150E333-8FDC-42A3-9474-1A3956D46DE8}") = "rest", "rest", "{4DAAC4E5-2B32-4C7C-8541-5D880F6010C7}"
EndProject
Project("{FAE04EC0-301F-11D3-BF4B-00C04F79EFBC}") = "BadHost", "tests\expected_failures\rest\bad_host\BadHost.csproj", "{CC5B9C7E-AB03-4D7F-9002-224181B6B690}"
EndProject
Project("{FAE04EC0-301F-11D3-BF4B-00C04F79EFBC}") = "ThrowException", "tests\expected_failures\rest\throw_exception\ThrowException.csproj", "{A9852EB5-7274-4B16-A3A7-3A12FD9BB611}"
EndProject
Project("{FAE04EC0-301F-11D3-BF4B-00C04F79EFBC}") = "TriggerCancel", "tests\expected_failures\rest\trigger_cancel\TriggerCancel.csproj", "{F419F847-1B8A-496D-83B8-681BCF1E29C3}"
EndProject
Project("{2150E333-8FDC-42A3-9474-1A3956D46DE8}") = "websocket", "websocket", "{C925D4EB-E9B4-4FCF-94BF-491B53AE64FF}"
EndProject
Project("{FAE04EC0-301F-11D3-BF4B-00C04F79EFBC}") = "ExerciseTimeout", "tests\expected_failures\websocket\exercise_timeout\ExerciseTimeout.csproj", "{35236F7A-02B8-44DC-B9DB-7E9B83523A4E}"
EndProject
Project("{FAE04EC0-301F-11D3-BF4B-00C04F79EFBC}") = "Deepgram", "Deepgram\Deepgram.csproj", "{A1D5E59F-FC7C-4EE6-91E1-528131BA3EE3}"
EndProject
Project("{FAE04EC0-301F-11D3-BF4B-00C04F79EFBC}") = "Deepgram.Microphone", "Deepgram.Microphone\Deepgram.Microphone.csproj", "{52BE33A1-0BD1-4178-A5A6-9471A0B98DE8}"
EndProject
Project("{FAE04EC0-301F-11D3-BF4B-00C04F79EFBC}") = "Deepgram.Tests", "Deepgram.Tests\Deepgram.Tests.csproj", "{11E3AD46-9629-4988-821A-66F71094F418}"
EndProject
Global
	GlobalSection(SolutionConfigurationPlatforms) = preSolution
		Debug|Any CPU = Debug|Any CPU
		Release|Any CPU = Release|Any CPU
	EndGlobalSection
	GlobalSection(SolutionProperties) = preSolution
		HideSolutionNode = FALSE
	EndGlobalSection
	GlobalSection(ProjectConfigurationPlatforms) = postSolution
		{626B1971-18AE-4B0D-BBB1-D462F0322BB7}.Debug|Any CPU.ActiveCfg = Debug|Any CPU
		{626B1971-18AE-4B0D-BBB1-D462F0322BB7}.Debug|Any CPU.Build.0 = Debug|Any CPU
		{626B1971-18AE-4B0D-BBB1-D462F0322BB7}.Release|Any CPU.ActiveCfg = Release|Any CPU
		{626B1971-18AE-4B0D-BBB1-D462F0322BB7}.Release|Any CPU.Build.0 = Release|Any CPU
		{5830350B-7836-4FEE-8391-622E913BB20D}.Debug|Any CPU.ActiveCfg = Debug|Any CPU
		{5830350B-7836-4FEE-8391-622E913BB20D}.Debug|Any CPU.Build.0 = Debug|Any CPU
		{5830350B-7836-4FEE-8391-622E913BB20D}.Release|Any CPU.ActiveCfg = Release|Any CPU
		{5830350B-7836-4FEE-8391-622E913BB20D}.Release|Any CPU.Build.0 = Release|Any CPU
		{33BF6611-2352-499F-8CB7-F22CD5019331}.Debug|Any CPU.ActiveCfg = Debug|Any CPU
		{33BF6611-2352-499F-8CB7-F22CD5019331}.Debug|Any CPU.Build.0 = Debug|Any CPU
		{33BF6611-2352-499F-8CB7-F22CD5019331}.Release|Any CPU.ActiveCfg = Release|Any CPU
		{33BF6611-2352-499F-8CB7-F22CD5019331}.Release|Any CPU.Build.0 = Release|Any CPU
		{ED4E98D3-8969-48B3-B9B0-F2920837026D}.Debug|Any CPU.ActiveCfg = Debug|Any CPU
		{ED4E98D3-8969-48B3-B9B0-F2920837026D}.Debug|Any CPU.Build.0 = Debug|Any CPU
		{ED4E98D3-8969-48B3-B9B0-F2920837026D}.Release|Any CPU.ActiveCfg = Release|Any CPU
		{ED4E98D3-8969-48B3-B9B0-F2920837026D}.Release|Any CPU.Build.0 = Release|Any CPU
		{510A70F5-1868-41D7-BBDF-DFF2E6BDB33F}.Debug|Any CPU.ActiveCfg = Debug|Any CPU
		{510A70F5-1868-41D7-BBDF-DFF2E6BDB33F}.Debug|Any CPU.Build.0 = Debug|Any CPU
		{510A70F5-1868-41D7-BBDF-DFF2E6BDB33F}.Release|Any CPU.ActiveCfg = Release|Any CPU
		{510A70F5-1868-41D7-BBDF-DFF2E6BDB33F}.Release|Any CPU.Build.0 = Release|Any CPU
		{D24CC635-CBDA-4B75-845B-936259BE2BD0}.Debug|Any CPU.ActiveCfg = Debug|Any CPU
		{D24CC635-CBDA-4B75-845B-936259BE2BD0}.Debug|Any CPU.Build.0 = Debug|Any CPU
		{D24CC635-CBDA-4B75-845B-936259BE2BD0}.Release|Any CPU.ActiveCfg = Release|Any CPU
		{D24CC635-CBDA-4B75-845B-936259BE2BD0}.Release|Any CPU.Build.0 = Release|Any CPU
		{823F5D16-FDD5-4D8D-A5F5-D1AF9BF212A6}.Debug|Any CPU.ActiveCfg = Debug|Any CPU
		{823F5D16-FDD5-4D8D-A5F5-D1AF9BF212A6}.Debug|Any CPU.Build.0 = Debug|Any CPU
		{823F5D16-FDD5-4D8D-A5F5-D1AF9BF212A6}.Release|Any CPU.ActiveCfg = Release|Any CPU
		{823F5D16-FDD5-4D8D-A5F5-D1AF9BF212A6}.Release|Any CPU.Build.0 = Release|Any CPU
		{8F45760F-944B-4C07-8236-023BE36FD1AE}.Debug|Any CPU.ActiveCfg = Debug|Any CPU
		{8F45760F-944B-4C07-8236-023BE36FD1AE}.Debug|Any CPU.Build.0 = Debug|Any CPU
		{8F45760F-944B-4C07-8236-023BE36FD1AE}.Release|Any CPU.ActiveCfg = Release|Any CPU
		{8F45760F-944B-4C07-8236-023BE36FD1AE}.Release|Any CPU.Build.0 = Release|Any CPU
		{F80044FB-66DA-47F8-BFC3-EEB2418E37D5}.Debug|Any CPU.ActiveCfg = Debug|Any CPU
		{F80044FB-66DA-47F8-BFC3-EEB2418E37D5}.Debug|Any CPU.Build.0 = Debug|Any CPU
		{F80044FB-66DA-47F8-BFC3-EEB2418E37D5}.Release|Any CPU.ActiveCfg = Release|Any CPU
		{F80044FB-66DA-47F8-BFC3-EEB2418E37D5}.Release|Any CPU.Build.0 = Release|Any CPU
		{A58D8C8C-C691-47A1-8244-31607DDCDFA2}.Debug|Any CPU.ActiveCfg = Debug|Any CPU
		{A58D8C8C-C691-47A1-8244-31607DDCDFA2}.Debug|Any CPU.Build.0 = Debug|Any CPU
		{A58D8C8C-C691-47A1-8244-31607DDCDFA2}.Release|Any CPU.ActiveCfg = Release|Any CPU
		{A58D8C8C-C691-47A1-8244-31607DDCDFA2}.Release|Any CPU.Build.0 = Release|Any CPU
		{7E27ED8E-140C-4736-8513-A7FAA27BDE69}.Debug|Any CPU.ActiveCfg = Debug|Any CPU
		{7E27ED8E-140C-4736-8513-A7FAA27BDE69}.Debug|Any CPU.Build.0 = Debug|Any CPU
		{7E27ED8E-140C-4736-8513-A7FAA27BDE69}.Release|Any CPU.ActiveCfg = Release|Any CPU
		{7E27ED8E-140C-4736-8513-A7FAA27BDE69}.Release|Any CPU.Build.0 = Release|Any CPU
		{CC5B9C7E-AB03-4D7F-9002-224181B6B690}.Debug|Any CPU.ActiveCfg = Debug|Any CPU
		{CC5B9C7E-AB03-4D7F-9002-224181B6B690}.Debug|Any CPU.Build.0 = Debug|Any CPU
		{CC5B9C7E-AB03-4D7F-9002-224181B6B690}.Release|Any CPU.ActiveCfg = Release|Any CPU
		{CC5B9C7E-AB03-4D7F-9002-224181B6B690}.Release|Any CPU.Build.0 = Release|Any CPU
		{A9852EB5-7274-4B16-A3A7-3A12FD9BB611}.Debug|Any CPU.ActiveCfg = Debug|Any CPU
		{A9852EB5-7274-4B16-A3A7-3A12FD9BB611}.Debug|Any CPU.Build.0 = Debug|Any CPU
		{A9852EB5-7274-4B16-A3A7-3A12FD9BB611}.Release|Any CPU.ActiveCfg = Release|Any CPU
		{A9852EB5-7274-4B16-A3A7-3A12FD9BB611}.Release|Any CPU.Build.0 = Release|Any CPU
		{F419F847-1B8A-496D-83B8-681BCF1E29C3}.Debug|Any CPU.ActiveCfg = Debug|Any CPU
		{F419F847-1B8A-496D-83B8-681BCF1E29C3}.Debug|Any CPU.Build.0 = Debug|Any CPU
		{F419F847-1B8A-496D-83B8-681BCF1E29C3}.Release|Any CPU.ActiveCfg = Release|Any CPU
		{F419F847-1B8A-496D-83B8-681BCF1E29C3}.Release|Any CPU.Build.0 = Release|Any CPU
		{35236F7A-02B8-44DC-B9DB-7E9B83523A4E}.Debug|Any CPU.ActiveCfg = Debug|Any CPU
		{35236F7A-02B8-44DC-B9DB-7E9B83523A4E}.Debug|Any CPU.Build.0 = Debug|Any CPU
		{35236F7A-02B8-44DC-B9DB-7E9B83523A4E}.Release|Any CPU.ActiveCfg = Release|Any CPU
		{35236F7A-02B8-44DC-B9DB-7E9B83523A4E}.Release|Any CPU.Build.0 = Release|Any CPU
		{A1D5E59F-FC7C-4EE6-91E1-528131BA3EE3}.Debug|Any CPU.ActiveCfg = Debug|Any CPU
		{A1D5E59F-FC7C-4EE6-91E1-528131BA3EE3}.Debug|Any CPU.Build.0 = Debug|Any CPU
		{A1D5E59F-FC7C-4EE6-91E1-528131BA3EE3}.Release|Any CPU.ActiveCfg = Release|Any CPU
		{A1D5E59F-FC7C-4EE6-91E1-528131BA3EE3}.Release|Any CPU.Build.0 = Release|Any CPU
		{52BE33A1-0BD1-4178-A5A6-9471A0B98DE8}.Debug|Any CPU.ActiveCfg = Debug|Any CPU
		{52BE33A1-0BD1-4178-A5A6-9471A0B98DE8}.Debug|Any CPU.Build.0 = Debug|Any CPU
		{52BE33A1-0BD1-4178-A5A6-9471A0B98DE8}.Release|Any CPU.ActiveCfg = Release|Any CPU
		{52BE33A1-0BD1-4178-A5A6-9471A0B98DE8}.Release|Any CPU.Build.0 = Release|Any CPU
		{11E3AD46-9629-4988-821A-66F71094F418}.Debug|Any CPU.ActiveCfg = Debug|Any CPU
		{11E3AD46-9629-4988-821A-66F71094F418}.Debug|Any CPU.Build.0 = Debug|Any CPU
		{11E3AD46-9629-4988-821A-66F71094F418}.Release|Any CPU.ActiveCfg = Release|Any CPU
		{11E3AD46-9629-4988-821A-66F71094F418}.Release|Any CPU.Build.0 = Release|Any CPU
	EndGlobalSection
	GlobalSection(NestedProjects) = preSolution
		{6FA3F2B1-78A7-4BDE-8EFF-42B0E31876D2} = {8C977D25-E862-47D8-9B4A-0DDE5D9918C7}
		{7D50C77F-B2E9-430C-9FD1-567399D73F4D} = {6FA3F2B1-78A7-4BDE-8EFF-42B0E31876D2}
		{A76D11B7-5A88-444F-A536-54DE5F103AA6} = {7D50C77F-B2E9-430C-9FD1-567399D73F4D}
		{626B1971-18AE-4B0D-BBB1-D462F0322BB7} = {A76D11B7-5A88-444F-A536-54DE5F103AA6}
		{8428A605-1F6E-4ADC-96DE-0738909278EB} = {6FA3F2B1-78A7-4BDE-8EFF-42B0E31876D2}
		{5830350B-7836-4FEE-8391-622E913BB20D} = {8428A605-1F6E-4ADC-96DE-0738909278EB}
		{F274D773-B8C5-4383-A243-C039C345D8A5} = {8C977D25-E862-47D8-9B4A-0DDE5D9918C7}
		{2EF9B6B2-2DAC-4E2E-8D1A-453D2C82F64B} = {F274D773-B8C5-4383-A243-C039C345D8A5}
		{33BF6611-2352-499F-8CB7-F22CD5019331} = {2EF9B6B2-2DAC-4E2E-8D1A-453D2C82F64B}
		{57EEF9BA-E418-466F-886C-3EB2235AF4F6} = {F274D773-B8C5-4383-A243-C039C345D8A5}
		{ED4E98D3-8969-48B3-B9B0-F2920837026D} = {57EEF9BA-E418-466F-886C-3EB2235AF4F6}
		{85FFEF4A-C505-4733-BA87-5AF868A71089} = {8C977D25-E862-47D8-9B4A-0DDE5D9918C7}
		{510A70F5-1868-41D7-BBDF-DFF2E6BDB33F} = {85FFEF4A-C505-4733-BA87-5AF868A71089}
		{D24CC635-CBDA-4B75-845B-936259BE2BD0} = {85FFEF4A-C505-4733-BA87-5AF868A71089}
		{068128F9-98B0-418F-B8AD-C60D6DC86E34} = {8C977D25-E862-47D8-9B4A-0DDE5D9918C7}
		{823F5D16-FDD5-4D8D-A5F5-D1AF9BF212A6} = {068128F9-98B0-418F-B8AD-C60D6DC86E34}
		{036CABD2-9521-4950-9455-BAC38BC42999} = {0B88F3B1-20E2-48E3-9EB6-A00CA570A5FF}
		{8F45760F-944B-4C07-8236-023BE36FD1AE} = {036CABD2-9521-4950-9455-BAC38BC42999}
		{F80044FB-66DA-47F8-BFC3-EEB2418E37D5} = {036CABD2-9521-4950-9455-BAC38BC42999}
		{A58D8C8C-C691-47A1-8244-31607DDCDFA2} = {036CABD2-9521-4950-9455-BAC38BC42999}
		{7E27ED8E-140C-4736-8513-A7FAA27BDE69} = {036CABD2-9521-4950-9455-BAC38BC42999}
		{AF613937-871A-4517-99E3-000F5091EFE4} = {0B88F3B1-20E2-48E3-9EB6-A00CA570A5FF}
		{4DAAC4E5-2B32-4C7C-8541-5D880F6010C7} = {AF613937-871A-4517-99E3-000F5091EFE4}
		{CC5B9C7E-AB03-4D7F-9002-224181B6B690} = {4DAAC4E5-2B32-4C7C-8541-5D880F6010C7}
		{A9852EB5-7274-4B16-A3A7-3A12FD9BB611} = {4DAAC4E5-2B32-4C7C-8541-5D880F6010C7}
		{F419F847-1B8A-496D-83B8-681BCF1E29C3} = {4DAAC4E5-2B32-4C7C-8541-5D880F6010C7}
		{C925D4EB-E9B4-4FCF-94BF-491B53AE64FF} = {AF613937-871A-4517-99E3-000F5091EFE4}
		{35236F7A-02B8-44DC-B9DB-7E9B83523A4E} = {C925D4EB-E9B4-4FCF-94BF-491B53AE64FF}
	EndGlobalSection
EndGlobal
