
Microsoft Visual Studio Solution File, Format Version 12.00
# Visual Studio Version 17
VisualStudioVersion = 17.0.31912.275
MinimumVisualStudioVersion = 10.0.40219.1
Project("{9A19103F-16F7-4668-BE54-9A1E7A4F7556}") = "Deepgram", "Deepgram\Deepgram.csproj", "{B8B59E33-2D73-4A27-8FC6-E464CB28357D}"
EndProject
Project("{9A19103F-16F7-4668-BE54-9A1E7A4F7556}") = "Deepgram.Tests", "Deepgram.Tests\Deepgram.Tests.csproj", "{12C80273-08DD-494C-B06D-DFC6D40B1D95}"
EndProject
Project("{9A19103F-16F7-4668-BE54-9A1E7A4F7556}") = "Speak", "examples\speak\file\hello-world\Speak.csproj", "{C3AA63DB-4555-4BEF-B2DD-89A3B19A265B}"
EndProject
Project("{9A19103F-16F7-4668-BE54-9A1E7A4F7556}") = "Streaming", "examples\streaming\file\Streaming.csproj", "{FD8507CC-EECF-4750-81AF-3CF8E536C007}"
EndProject
Project("{9A19103F-16F7-4668-BE54-9A1E7A4F7556}") = "Deepgram.Microphone", "Deepgram.Microphone\Deepgram.Microphone.csproj", "{1D9621D6-8925-44DF-AE89-1381BF4514E4}"
EndProject
Project("{2150E333-8FDC-42A3-9474-1A3956D46DE8}") = "examples", "examples", "{C673DFD1-528A-4BAE-94E6-02EF058AC363}"
EndProject
Project("{2150E333-8FDC-42A3-9474-1A3956D46DE8}") = "speak", "speak", "{E2E3000D-FBBA-450E-A4E0-3542B38ADAFD}"
EndProject
Project("{2150E333-8FDC-42A3-9474-1A3956D46DE8}") = "prerecorded", "prerecorded", "{77ACBABB-CF6B-4929-957C-480E29646DFD}"
EndProject
Project("{2150E333-8FDC-42A3-9474-1A3956D46DE8}") = "streaming", "streaming", "{132EEE99-6194-477A-9416-D7EF173C17FD}"
EndProject
Project("{2150E333-8FDC-42A3-9474-1A3956D46DE8}") = "file", "file", "{5E75479B-B84A-4386-9D3E-69CFB30B24C6}"
EndProject
Project("{2150E333-8FDC-42A3-9474-1A3956D46DE8}") = "microphone", "microphone", "{4D6C28C1-4D3F-4CFC-AF76-A389F6B00EC2}"
EndProject
Project("{2150E333-8FDC-42A3-9474-1A3956D46DE8}") = "file", "file", "{50BA802D-603E-4BD2-9A3E-AFDABC3AF43C}"
EndProject
Project("{2150E333-8FDC-42A3-9474-1A3956D46DE8}") = "hello-world", "hello-world", "{AE6FFA55-DD91-4BC1-AFDF-96F64B5221CD}"
EndProject
Project("{2150E333-8FDC-42A3-9474-1A3956D46DE8}") = "url", "url", "{0414D1CF-79FB-4C5B-BF2B-88C3C1AA4C32}"
EndProject
Project("{9A19103F-16F7-4668-BE54-9A1E7A4F7556}") = "Streaming", "examples\streaming\microphone\Streaming.csproj", "{74335799-3B43-432C-ACD9-FBF2AB32A64A}"
EndProject
Project("{2150E333-8FDC-42A3-9474-1A3956D46DE8}") = "tests", "tests", "{9D2B336D-17F9-41D5-A4E5-F3EDA7F496A5}"
EndProject
Project("{2150E333-8FDC-42A3-9474-1A3956D46DE8}") = "edge_cases", "edge_cases", "{1280E66D-A375-422A-ACB4-48F17E9C190E}"
EndProject
Project("{2150E333-8FDC-42A3-9474-1A3956D46DE8}") = "expected_failures", "expected_failures", "{5B1C7C37-BAE9-4027-927C-38B2393B3F43}"
EndProject
Project("{2150E333-8FDC-42A3-9474-1A3956D46DE8}") = "keepalive", "keepalive", "{7F7328CF-D932-4D0F-B832-9CCE65E7B308}"
EndProject
Project("{2150E333-8FDC-42A3-9474-1A3956D46DE8}") = "exercise_timeout", "exercise_timeout", "{3AC17A9C-30BB-4298-8E5A-4FAE73189821}"
EndProject
Project("{9A19103F-16F7-4668-BE54-9A1E7A4F7556}") = "KeepAlive", "tests\edge_cases\keepalive\KeepAlive.csproj", "{D3F886B5-1C28-44AF-A416-2BBE660D5EC4}"
EndProject
Project("{2150E333-8FDC-42A3-9474-1A3956D46DE8}") = "file", "file", "{FA17B9A9-F542-4F8A-AF4B-48404D009967}"
EndProject
Project("{2150E333-8FDC-42A3-9474-1A3956D46DE8}") = "intent", "intent", "{02F10F52-5DFF-4CEC-8AAF-AFA16DEE27F1}"
EndProject
Project("{2150E333-8FDC-42A3-9474-1A3956D46DE8}") = "summary", "summary", "{287650F3-B83F-473E-8251-226069F797D7}"
EndProject
Project("{2150E333-8FDC-42A3-9474-1A3956D46DE8}") = "topic", "topic", "{B1D51F16-688B-4940-833A-8F38DC212292}"
EndProject
Project("{2150E333-8FDC-42A3-9474-1A3956D46DE8}") = "sentiment", "sentiment", "{B95CE5C6-977C-42A2-848A-5C6C99496F8A}"
EndProject
Project("{9A19103F-16F7-4668-BE54-9A1E7A4F7556}") = "PreRecorded", "examples\prerecorded\file\PreRecorded.csproj", "{9C720D12-AF17-40D7-8F92-7D96077BC7FB}"
EndProject
Project("{9A19103F-16F7-4668-BE54-9A1E7A4F7556}") = "PreRecorded", "examples\prerecorded\intent\PreRecorded.csproj", "{172FAC5E-32F0-4377-A92F-CFACDB294561}"
EndProject
Project("{9A19103F-16F7-4668-BE54-9A1E7A4F7556}") = "PreRecorded", "examples\prerecorded\sentiment\PreRecorded.csproj", "{ABBF01EA-1015-4C16-A68C-F30A3904799B}"
EndProject
Project("{9A19103F-16F7-4668-BE54-9A1E7A4F7556}") = "PreRecorded", "examples\prerecorded\summary\PreRecorded.csproj", "{27C58ED4-DB4E-4A38-8D0E-D14854FE1814}"
EndProject
Project("{9A19103F-16F7-4668-BE54-9A1E7A4F7556}") = "PreRecorded", "examples\prerecorded\topic\PreRecorded.csproj", "{C80145E0-5E37-4FA6-83FD-C9264876CAAF}"
EndProject
Project("{9A19103F-16F7-4668-BE54-9A1E7A4F7556}") = "PreRecorded", "examples\prerecorded\url\PreRecorded.csproj", "{1E5D1117-C170-4E6A-BC41-F7F8F46F2C59}"
EndProject
Project("{2150E333-8FDC-42A3-9474-1A3956D46DE8}") = "analyze", "analyze", "{83D6D1F7-97E1-4E35-A0AA-E3ED5977EA72}"
EndProject
Project("{2150E333-8FDC-42A3-9474-1A3956D46DE8}") = "intent", "intent", "{F476F3D0-65B2-4F0C-AA93-1E0049C7135A}"
EndProject
Project("{2150E333-8FDC-42A3-9474-1A3956D46DE8}") = "sentiment", "sentiment", "{0B951DDD-626E-4A4D-9379-17AF77A3531E}"
EndProject
Project("{2150E333-8FDC-42A3-9474-1A3956D46DE8}") = "topic", "topic", "{D6F102B6-FEDE-4D9A-A3BB-7BF26F26C3C4}"
EndProject
Project("{2150E333-8FDC-42A3-9474-1A3956D46DE8}") = "summary", "summary", "{92BF7997-2628-4434-A567-6C72352200A4}"
EndProject
Project("{9A19103F-16F7-4668-BE54-9A1E7A4F7556}") = "Analyze", "examples\analyze\sentiment\Analyze.csproj", "{B3A18F05-F1A4-4CC5-99A2-C77688E52D5E}"
EndProject
Project("{9A19103F-16F7-4668-BE54-9A1E7A4F7556}") = "Analyze", "examples\analyze\intent\Analyze.csproj", "{7258AEA6-720B-4554-9661-C40F381CA1C0}"
EndProject
Project("{9A19103F-16F7-4668-BE54-9A1E7A4F7556}") = "Analyze", "examples\analyze\summary\Analyze.csproj", "{DC4F480C-BC9E-4263-80D4-62CCCAF131E3}"
EndProject
Project("{9A19103F-16F7-4668-BE54-9A1E7A4F7556}") = "Analyze", "examples\analyze\topic\Analyze.csproj", "{1785B862-DAB8-45DC-9EDC-E2D9021CEAA7}"
EndProject
Project("{2150E333-8FDC-42A3-9474-1A3956D46DE8}") = "woodchuck", "woodchuck", "{1826908E-F3F3-4146-A2A1-5B3D71CB7F3D}"
EndProject
Project("{9A19103F-16F7-4668-BE54-9A1E7A4F7556}") = "Speak", "examples\speak\file\woodchuck\Speak.csproj", "{BE44FCAC-FBFF-4D70-BE52-B181049D1F70}"
EndProject
Project("{2150E333-8FDC-42A3-9474-1A3956D46DE8}") = "manage", "manage", "{FA5723B3-74E9-4221-80EF-4833C1C3DD9F}"
EndProject
Project("{2150E333-8FDC-42A3-9474-1A3956D46DE8}") = "balances", "balances", "{7CD5D816-0F30-45D7-9C9F-872E67F6A711}"
EndProject
Project("{9A19103F-16F7-4668-BE54-9A1E7A4F7556}") = "Manage", "examples\manage\balances\Manage.csproj", "{2BF14C9B-755E-41FD-BB59-D6A82E0EFC51}"
EndProject
Project("{2150E333-8FDC-42A3-9474-1A3956D46DE8}") = "debug", "debug", "{60E5C3AE-B377-4E53-B4CF-03D33839F382}"
EndProject
Project("{2150E333-8FDC-42A3-9474-1A3956D46DE8}") = "streaming", "streaming", "{248ECFA2-D91E-4544-8B61-9D4410D90BEF}"
EndProject
Project("{9A19103F-16F7-4668-BE54-9A1E7A4F7556}") = "Streaming", "tests\debug\streaming\Streaming.csproj", "{B488DC2B-02B2-46D7-9EA6-7033C1190878}"
EndProject
Project("{2150E333-8FDC-42A3-9474-1A3956D46DE8}") = "invitations", "invitations", "{01445A10-0E4E-4457-A4CC-D071897D3FCF}"
EndProject
Project("{2150E333-8FDC-42A3-9474-1A3956D46DE8}") = "keys", "keys", "{1C04C4F8-3FC6-4487-8E48-779D2F223247}"
EndProject
Project("{2150E333-8FDC-42A3-9474-1A3956D46DE8}") = "members", "members", "{25550C53-1E7F-46BF-9D94-3369A3A4E5A3}"
EndProject
Project("{2150E333-8FDC-42A3-9474-1A3956D46DE8}") = "projects", "projects", "{E7D50060-F040-4607-A0EF-34A4ABB4C770}"
EndProject
Project("{2150E333-8FDC-42A3-9474-1A3956D46DE8}") = "usage", "usage", "{CB0677E6-85EC-47B9-A392-FF5B56484F15}"
EndProject
Project("{2150E333-8FDC-42A3-9474-1A3956D46DE8}") = "scopes", "scopes", "{6B24CAD4-8486-405C-B7EB-14086177C634}"
EndProject
Project("{9A19103F-16F7-4668-BE54-9A1E7A4F7556}") = "Manage", "examples\manage\invitations\Manage.csproj", "{47017DCF-19C3-4692-8EB2-45DD9E6893CD}"
EndProject
Project("{9A19103F-16F7-4668-BE54-9A1E7A4F7556}") = "Manage", "examples\manage\keys\Manage.csproj", "{64436CDA-A428-44F8-8F16-B8CFD577DE04}"
EndProject
Project("{9A19103F-16F7-4668-BE54-9A1E7A4F7556}") = "Manage", "examples\manage\members\Manage.csproj", "{FE8EE50A-9632-4C2B-8425-6D3D2EE12DFC}"
EndProject
Project("{9A19103F-16F7-4668-BE54-9A1E7A4F7556}") = "Manage", "examples\manage\projects\Manage.csproj", "{0C82172F-6433-4089-919A-6CA7A54BAFA4}"
EndProject
Project("{9A19103F-16F7-4668-BE54-9A1E7A4F7556}") = "Manage", "examples\manage\scopes\Manage.csproj", "{A65BCE7D-761C-4D09-8E89-CEA461D7C832}"
EndProject
Project("{9A19103F-16F7-4668-BE54-9A1E7A4F7556}") = "Manage", "examples\manage\usage\Manage.csproj", "{260D68E2-540F-4BFF-AF52-B014E7615795}"
EndProject
Project("{2150E333-8FDC-42A3-9474-1A3956D46DE8}") = "trigger_cancel", "trigger_cancel", "{80E7546A-4CED-4644-8900-983422CDE73C}"
EndProject
Project("{2150E333-8FDC-42A3-9474-1A3956D46DE8}") = "bad_host", "bad_host", "{D100AACD-E5FB-45E5-980B-B19C091440B2}"
EndProject
Project("{2150E333-8FDC-42A3-9474-1A3956D46DE8}") = "websocket", "websocket", "{1262085B-6088-4DAA-8683-A9B4AD08EE63}"
EndProject
Project("{2150E333-8FDC-42A3-9474-1A3956D46DE8}") = "rest", "rest", "{7FA977F3-415E-4681-B316-5C273DF3A1C6}"
EndProject
Project("{9A19103F-16F7-4668-BE54-9A1E7A4F7556}") = "BadHost", "tests\expected_failures\rest\bad_host\BadHost.csproj", "{DF383769-5F1F-4692-854F-2E923F3D0F09}"
EndProject
Project("{9A19103F-16F7-4668-BE54-9A1E7A4F7556}") = "TriggerCancel", "tests\expected_failures\rest\trigger_cancel\TriggerCancel.csproj", "{F736604C-A245-411E-BECE-028FBD98166E}"
EndProject
Project("{9A19103F-16F7-4668-BE54-9A1E7A4F7556}") = "ExerciseTimeout", "tests\expected_failures\websocket\exercise_timeout\ExerciseTimeout.csproj", "{8C5A02D8-E18B-4060-A567-A4AACC49B2F6}"
EndProject
Project("{2150E333-8FDC-42A3-9474-1A3956D46DE8}") = "http", "http", "{5DFC6330-8303-4045-B186-32B396391D31}"
EndProject
Project("{9A19103F-16F7-4668-BE54-9A1E7A4F7556}") = "Streaming", "examples\streaming\http\Streaming.csproj", "{61B42F6B-521C-4A07-B592-54975F4AE2E6}"
EndProject
Global
	GlobalSection(SolutionConfigurationPlatforms) = preSolution
		Debug|Any CPU = Debug|Any CPU
		Release|Any CPU = Release|Any CPU
	EndGlobalSection
	GlobalSection(ProjectConfigurationPlatforms) = postSolution
		{B8B59E33-2D73-4A27-8FC6-E464CB28357D}.Debug|Any CPU.ActiveCfg = Debug|Any CPU
		{B8B59E33-2D73-4A27-8FC6-E464CB28357D}.Debug|Any CPU.Build.0 = Debug|Any CPU
		{B8B59E33-2D73-4A27-8FC6-E464CB28357D}.Release|Any CPU.ActiveCfg = Release|Any CPU
		{B8B59E33-2D73-4A27-8FC6-E464CB28357D}.Release|Any CPU.Build.0 = Release|Any CPU
		{12C80273-08DD-494C-B06D-DFC6D40B1D95}.Debug|Any CPU.ActiveCfg = Debug|Any CPU
		{12C80273-08DD-494C-B06D-DFC6D40B1D95}.Debug|Any CPU.Build.0 = Debug|Any CPU
		{12C80273-08DD-494C-B06D-DFC6D40B1D95}.Release|Any CPU.ActiveCfg = Release|Any CPU
		{12C80273-08DD-494C-B06D-DFC6D40B1D95}.Release|Any CPU.Build.0 = Release|Any CPU
		{C3AA63DB-4555-4BEF-B2DD-89A3B19A265B}.Debug|Any CPU.ActiveCfg = Debug|Any CPU
		{C3AA63DB-4555-4BEF-B2DD-89A3B19A265B}.Debug|Any CPU.Build.0 = Debug|Any CPU
		{C3AA63DB-4555-4BEF-B2DD-89A3B19A265B}.Release|Any CPU.ActiveCfg = Release|Any CPU
		{C3AA63DB-4555-4BEF-B2DD-89A3B19A265B}.Release|Any CPU.Build.0 = Release|Any CPU
		{FD8507CC-EECF-4750-81AF-3CF8E536C007}.Debug|Any CPU.ActiveCfg = Debug|Any CPU
		{FD8507CC-EECF-4750-81AF-3CF8E536C007}.Debug|Any CPU.Build.0 = Debug|Any CPU
		{FD8507CC-EECF-4750-81AF-3CF8E536C007}.Release|Any CPU.ActiveCfg = Release|Any CPU
		{FD8507CC-EECF-4750-81AF-3CF8E536C007}.Release|Any CPU.Build.0 = Release|Any CPU
		{1D9621D6-8925-44DF-AE89-1381BF4514E4}.Debug|Any CPU.ActiveCfg = Debug|Any CPU
		{1D9621D6-8925-44DF-AE89-1381BF4514E4}.Debug|Any CPU.Build.0 = Debug|Any CPU
		{1D9621D6-8925-44DF-AE89-1381BF4514E4}.Release|Any CPU.ActiveCfg = Release|Any CPU
		{1D9621D6-8925-44DF-AE89-1381BF4514E4}.Release|Any CPU.Build.0 = Release|Any CPU
		{74335799-3B43-432C-ACD9-FBF2AB32A64A}.Debug|Any CPU.ActiveCfg = Debug|Any CPU
		{74335799-3B43-432C-ACD9-FBF2AB32A64A}.Debug|Any CPU.Build.0 = Debug|Any CPU
		{74335799-3B43-432C-ACD9-FBF2AB32A64A}.Release|Any CPU.ActiveCfg = Release|Any CPU
		{74335799-3B43-432C-ACD9-FBF2AB32A64A}.Release|Any CPU.Build.0 = Release|Any CPU
		{D3F886B5-1C28-44AF-A416-2BBE660D5EC4}.Debug|Any CPU.ActiveCfg = Debug|Any CPU
		{D3F886B5-1C28-44AF-A416-2BBE660D5EC4}.Debug|Any CPU.Build.0 = Debug|Any CPU
		{D3F886B5-1C28-44AF-A416-2BBE660D5EC4}.Release|Any CPU.ActiveCfg = Release|Any CPU
		{D3F886B5-1C28-44AF-A416-2BBE660D5EC4}.Release|Any CPU.Build.0 = Release|Any CPU
		{9C720D12-AF17-40D7-8F92-7D96077BC7FB}.Debug|Any CPU.ActiveCfg = Debug|Any CPU
		{9C720D12-AF17-40D7-8F92-7D96077BC7FB}.Debug|Any CPU.Build.0 = Debug|Any CPU
		{9C720D12-AF17-40D7-8F92-7D96077BC7FB}.Release|Any CPU.ActiveCfg = Release|Any CPU
		{9C720D12-AF17-40D7-8F92-7D96077BC7FB}.Release|Any CPU.Build.0 = Release|Any CPU
		{172FAC5E-32F0-4377-A92F-CFACDB294561}.Debug|Any CPU.ActiveCfg = Debug|Any CPU
		{172FAC5E-32F0-4377-A92F-CFACDB294561}.Debug|Any CPU.Build.0 = Debug|Any CPU
		{172FAC5E-32F0-4377-A92F-CFACDB294561}.Release|Any CPU.ActiveCfg = Release|Any CPU
		{172FAC5E-32F0-4377-A92F-CFACDB294561}.Release|Any CPU.Build.0 = Release|Any CPU
		{ABBF01EA-1015-4C16-A68C-F30A3904799B}.Debug|Any CPU.ActiveCfg = Debug|Any CPU
		{ABBF01EA-1015-4C16-A68C-F30A3904799B}.Debug|Any CPU.Build.0 = Debug|Any CPU
		{ABBF01EA-1015-4C16-A68C-F30A3904799B}.Release|Any CPU.ActiveCfg = Release|Any CPU
		{ABBF01EA-1015-4C16-A68C-F30A3904799B}.Release|Any CPU.Build.0 = Release|Any CPU
		{27C58ED4-DB4E-4A38-8D0E-D14854FE1814}.Debug|Any CPU.ActiveCfg = Debug|Any CPU
		{27C58ED4-DB4E-4A38-8D0E-D14854FE1814}.Debug|Any CPU.Build.0 = Debug|Any CPU
		{27C58ED4-DB4E-4A38-8D0E-D14854FE1814}.Release|Any CPU.ActiveCfg = Release|Any CPU
		{27C58ED4-DB4E-4A38-8D0E-D14854FE1814}.Release|Any CPU.Build.0 = Release|Any CPU
		{C80145E0-5E37-4FA6-83FD-C9264876CAAF}.Debug|Any CPU.ActiveCfg = Debug|Any CPU
		{C80145E0-5E37-4FA6-83FD-C9264876CAAF}.Debug|Any CPU.Build.0 = Debug|Any CPU
		{C80145E0-5E37-4FA6-83FD-C9264876CAAF}.Release|Any CPU.ActiveCfg = Release|Any CPU
		{C80145E0-5E37-4FA6-83FD-C9264876CAAF}.Release|Any CPU.Build.0 = Release|Any CPU
		{1E5D1117-C170-4E6A-BC41-F7F8F46F2C59}.Debug|Any CPU.ActiveCfg = Debug|Any CPU
		{1E5D1117-C170-4E6A-BC41-F7F8F46F2C59}.Debug|Any CPU.Build.0 = Debug|Any CPU
		{1E5D1117-C170-4E6A-BC41-F7F8F46F2C59}.Release|Any CPU.ActiveCfg = Release|Any CPU
		{1E5D1117-C170-4E6A-BC41-F7F8F46F2C59}.Release|Any CPU.Build.0 = Release|Any CPU
		{B3A18F05-F1A4-4CC5-99A2-C77688E52D5E}.Debug|Any CPU.ActiveCfg = Debug|Any CPU
		{B3A18F05-F1A4-4CC5-99A2-C77688E52D5E}.Debug|Any CPU.Build.0 = Debug|Any CPU
		{B3A18F05-F1A4-4CC5-99A2-C77688E52D5E}.Release|Any CPU.ActiveCfg = Release|Any CPU
		{B3A18F05-F1A4-4CC5-99A2-C77688E52D5E}.Release|Any CPU.Build.0 = Release|Any CPU
		{7258AEA6-720B-4554-9661-C40F381CA1C0}.Debug|Any CPU.ActiveCfg = Debug|Any CPU
		{7258AEA6-720B-4554-9661-C40F381CA1C0}.Debug|Any CPU.Build.0 = Debug|Any CPU
		{7258AEA6-720B-4554-9661-C40F381CA1C0}.Release|Any CPU.ActiveCfg = Release|Any CPU
		{7258AEA6-720B-4554-9661-C40F381CA1C0}.Release|Any CPU.Build.0 = Release|Any CPU
		{DC4F480C-BC9E-4263-80D4-62CCCAF131E3}.Debug|Any CPU.ActiveCfg = Debug|Any CPU
		{DC4F480C-BC9E-4263-80D4-62CCCAF131E3}.Debug|Any CPU.Build.0 = Debug|Any CPU
		{DC4F480C-BC9E-4263-80D4-62CCCAF131E3}.Release|Any CPU.ActiveCfg = Release|Any CPU
		{DC4F480C-BC9E-4263-80D4-62CCCAF131E3}.Release|Any CPU.Build.0 = Release|Any CPU
		{1785B862-DAB8-45DC-9EDC-E2D9021CEAA7}.Debug|Any CPU.ActiveCfg = Debug|Any CPU
		{1785B862-DAB8-45DC-9EDC-E2D9021CEAA7}.Debug|Any CPU.Build.0 = Debug|Any CPU
		{1785B862-DAB8-45DC-9EDC-E2D9021CEAA7}.Release|Any CPU.ActiveCfg = Release|Any CPU
		{1785B862-DAB8-45DC-9EDC-E2D9021CEAA7}.Release|Any CPU.Build.0 = Release|Any CPU
		{BE44FCAC-FBFF-4D70-BE52-B181049D1F70}.Debug|Any CPU.ActiveCfg = Debug|Any CPU
		{BE44FCAC-FBFF-4D70-BE52-B181049D1F70}.Debug|Any CPU.Build.0 = Debug|Any CPU
		{BE44FCAC-FBFF-4D70-BE52-B181049D1F70}.Release|Any CPU.ActiveCfg = Release|Any CPU
		{BE44FCAC-FBFF-4D70-BE52-B181049D1F70}.Release|Any CPU.Build.0 = Release|Any CPU
		{2BF14C9B-755E-41FD-BB59-D6A82E0EFC51}.Debug|Any CPU.ActiveCfg = Debug|Any CPU
		{2BF14C9B-755E-41FD-BB59-D6A82E0EFC51}.Debug|Any CPU.Build.0 = Debug|Any CPU
		{2BF14C9B-755E-41FD-BB59-D6A82E0EFC51}.Release|Any CPU.ActiveCfg = Release|Any CPU
		{2BF14C9B-755E-41FD-BB59-D6A82E0EFC51}.Release|Any CPU.Build.0 = Release|Any CPU
		{B488DC2B-02B2-46D7-9EA6-7033C1190878}.Debug|Any CPU.ActiveCfg = Debug|Any CPU
		{B488DC2B-02B2-46D7-9EA6-7033C1190878}.Debug|Any CPU.Build.0 = Debug|Any CPU
		{B488DC2B-02B2-46D7-9EA6-7033C1190878}.Release|Any CPU.ActiveCfg = Release|Any CPU
		{B488DC2B-02B2-46D7-9EA6-7033C1190878}.Release|Any CPU.Build.0 = Release|Any CPU
		{47017DCF-19C3-4692-8EB2-45DD9E6893CD}.Debug|Any CPU.ActiveCfg = Debug|Any CPU
		{47017DCF-19C3-4692-8EB2-45DD9E6893CD}.Debug|Any CPU.Build.0 = Debug|Any CPU
		{47017DCF-19C3-4692-8EB2-45DD9E6893CD}.Release|Any CPU.ActiveCfg = Release|Any CPU
		{47017DCF-19C3-4692-8EB2-45DD9E6893CD}.Release|Any CPU.Build.0 = Release|Any CPU
		{64436CDA-A428-44F8-8F16-B8CFD577DE04}.Debug|Any CPU.ActiveCfg = Debug|Any CPU
		{64436CDA-A428-44F8-8F16-B8CFD577DE04}.Debug|Any CPU.Build.0 = Debug|Any CPU
		{64436CDA-A428-44F8-8F16-B8CFD577DE04}.Release|Any CPU.ActiveCfg = Release|Any CPU
		{64436CDA-A428-44F8-8F16-B8CFD577DE04}.Release|Any CPU.Build.0 = Release|Any CPU
		{FE8EE50A-9632-4C2B-8425-6D3D2EE12DFC}.Debug|Any CPU.ActiveCfg = Debug|Any CPU
		{FE8EE50A-9632-4C2B-8425-6D3D2EE12DFC}.Debug|Any CPU.Build.0 = Debug|Any CPU
		{FE8EE50A-9632-4C2B-8425-6D3D2EE12DFC}.Release|Any CPU.ActiveCfg = Release|Any CPU
		{FE8EE50A-9632-4C2B-8425-6D3D2EE12DFC}.Release|Any CPU.Build.0 = Release|Any CPU
		{0C82172F-6433-4089-919A-6CA7A54BAFA4}.Debug|Any CPU.ActiveCfg = Debug|Any CPU
		{0C82172F-6433-4089-919A-6CA7A54BAFA4}.Debug|Any CPU.Build.0 = Debug|Any CPU
		{0C82172F-6433-4089-919A-6CA7A54BAFA4}.Release|Any CPU.ActiveCfg = Release|Any CPU
		{0C82172F-6433-4089-919A-6CA7A54BAFA4}.Release|Any CPU.Build.0 = Release|Any CPU
		{A65BCE7D-761C-4D09-8E89-CEA461D7C832}.Debug|Any CPU.ActiveCfg = Debug|Any CPU
		{A65BCE7D-761C-4D09-8E89-CEA461D7C832}.Debug|Any CPU.Build.0 = Debug|Any CPU
		{A65BCE7D-761C-4D09-8E89-CEA461D7C832}.Release|Any CPU.ActiveCfg = Release|Any CPU
		{A65BCE7D-761C-4D09-8E89-CEA461D7C832}.Release|Any CPU.Build.0 = Release|Any CPU
		{260D68E2-540F-4BFF-AF52-B014E7615795}.Debug|Any CPU.ActiveCfg = Debug|Any CPU
		{260D68E2-540F-4BFF-AF52-B014E7615795}.Debug|Any CPU.Build.0 = Debug|Any CPU
		{260D68E2-540F-4BFF-AF52-B014E7615795}.Release|Any CPU.ActiveCfg = Release|Any CPU
		{260D68E2-540F-4BFF-AF52-B014E7615795}.Release|Any CPU.Build.0 = Release|Any CPU
		{DF383769-5F1F-4692-854F-2E923F3D0F09}.Debug|Any CPU.ActiveCfg = Debug|Any CPU
		{DF383769-5F1F-4692-854F-2E923F3D0F09}.Debug|Any CPU.Build.0 = Debug|Any CPU
		{DF383769-5F1F-4692-854F-2E923F3D0F09}.Release|Any CPU.ActiveCfg = Release|Any CPU
		{DF383769-5F1F-4692-854F-2E923F3D0F09}.Release|Any CPU.Build.0 = Release|Any CPU
		{F736604C-A245-411E-BECE-028FBD98166E}.Debug|Any CPU.ActiveCfg = Debug|Any CPU
		{F736604C-A245-411E-BECE-028FBD98166E}.Debug|Any CPU.Build.0 = Debug|Any CPU
		{F736604C-A245-411E-BECE-028FBD98166E}.Release|Any CPU.ActiveCfg = Release|Any CPU
		{F736604C-A245-411E-BECE-028FBD98166E}.Release|Any CPU.Build.0 = Release|Any CPU
		{8C5A02D8-E18B-4060-A567-A4AACC49B2F6}.Debug|Any CPU.ActiveCfg = Debug|Any CPU
		{8C5A02D8-E18B-4060-A567-A4AACC49B2F6}.Debug|Any CPU.Build.0 = Debug|Any CPU
		{8C5A02D8-E18B-4060-A567-A4AACC49B2F6}.Release|Any CPU.ActiveCfg = Release|Any CPU
		{8C5A02D8-E18B-4060-A567-A4AACC49B2F6}.Release|Any CPU.Build.0 = Release|Any CPU
		{61B42F6B-521C-4A07-B592-54975F4AE2E6}.Debug|Any CPU.ActiveCfg = Debug|Any CPU
		{61B42F6B-521C-4A07-B592-54975F4AE2E6}.Debug|Any CPU.Build.0 = Debug|Any CPU
		{61B42F6B-521C-4A07-B592-54975F4AE2E6}.Release|Any CPU.ActiveCfg = Release|Any CPU
		{61B42F6B-521C-4A07-B592-54975F4AE2E6}.Release|Any CPU.Build.0 = Release|Any CPU
	EndGlobalSection
	GlobalSection(SolutionProperties) = preSolution
		HideSolutionNode = FALSE
	EndGlobalSection
	GlobalSection(NestedProjects) = preSolution
		{C3AA63DB-4555-4BEF-B2DD-89A3B19A265B} = {AE6FFA55-DD91-4BC1-AFDF-96F64B5221CD}
		{FD8507CC-EECF-4750-81AF-3CF8E536C007} = {5E75479B-B84A-4386-9D3E-69CFB30B24C6}
		{E2E3000D-FBBA-450E-A4E0-3542B38ADAFD} = {C673DFD1-528A-4BAE-94E6-02EF058AC363}
		{77ACBABB-CF6B-4929-957C-480E29646DFD} = {C673DFD1-528A-4BAE-94E6-02EF058AC363}
		{132EEE99-6194-477A-9416-D7EF173C17FD} = {C673DFD1-528A-4BAE-94E6-02EF058AC363}
		{5E75479B-B84A-4386-9D3E-69CFB30B24C6} = {132EEE99-6194-477A-9416-D7EF173C17FD}
		{4D6C28C1-4D3F-4CFC-AF76-A389F6B00EC2} = {132EEE99-6194-477A-9416-D7EF173C17FD}
		{50BA802D-603E-4BD2-9A3E-AFDABC3AF43C} = {E2E3000D-FBBA-450E-A4E0-3542B38ADAFD}
		{AE6FFA55-DD91-4BC1-AFDF-96F64B5221CD} = {50BA802D-603E-4BD2-9A3E-AFDABC3AF43C}
		{0414D1CF-79FB-4C5B-BF2B-88C3C1AA4C32} = {77ACBABB-CF6B-4929-957C-480E29646DFD}
		{74335799-3B43-432C-ACD9-FBF2AB32A64A} = {4D6C28C1-4D3F-4CFC-AF76-A389F6B00EC2}
		{1280E66D-A375-422A-ACB4-48F17E9C190E} = {9D2B336D-17F9-41D5-A4E5-F3EDA7F496A5}
		{5B1C7C37-BAE9-4027-927C-38B2393B3F43} = {9D2B336D-17F9-41D5-A4E5-F3EDA7F496A5}
		{7F7328CF-D932-4D0F-B832-9CCE65E7B308} = {1280E66D-A375-422A-ACB4-48F17E9C190E}
		{3AC17A9C-30BB-4298-8E5A-4FAE73189821} = {1262085B-6088-4DAA-8683-A9B4AD08EE63}
		{D3F886B5-1C28-44AF-A416-2BBE660D5EC4} = {7F7328CF-D932-4D0F-B832-9CCE65E7B308}
		{FA17B9A9-F542-4F8A-AF4B-48404D009967} = {77ACBABB-CF6B-4929-957C-480E29646DFD}
		{02F10F52-5DFF-4CEC-8AAF-AFA16DEE27F1} = {77ACBABB-CF6B-4929-957C-480E29646DFD}
		{287650F3-B83F-473E-8251-226069F797D7} = {77ACBABB-CF6B-4929-957C-480E29646DFD}
		{B1D51F16-688B-4940-833A-8F38DC212292} = {77ACBABB-CF6B-4929-957C-480E29646DFD}
		{B95CE5C6-977C-42A2-848A-5C6C99496F8A} = {77ACBABB-CF6B-4929-957C-480E29646DFD}
		{9C720D12-AF17-40D7-8F92-7D96077BC7FB} = {FA17B9A9-F542-4F8A-AF4B-48404D009967}
		{172FAC5E-32F0-4377-A92F-CFACDB294561} = {02F10F52-5DFF-4CEC-8AAF-AFA16DEE27F1}
		{ABBF01EA-1015-4C16-A68C-F30A3904799B} = {B95CE5C6-977C-42A2-848A-5C6C99496F8A}
		{27C58ED4-DB4E-4A38-8D0E-D14854FE1814} = {287650F3-B83F-473E-8251-226069F797D7}
		{C80145E0-5E37-4FA6-83FD-C9264876CAAF} = {B1D51F16-688B-4940-833A-8F38DC212292}
		{1E5D1117-C170-4E6A-BC41-F7F8F46F2C59} = {0414D1CF-79FB-4C5B-BF2B-88C3C1AA4C32}
		{83D6D1F7-97E1-4E35-A0AA-E3ED5977EA72} = {C673DFD1-528A-4BAE-94E6-02EF058AC363}
		{F476F3D0-65B2-4F0C-AA93-1E0049C7135A} = {83D6D1F7-97E1-4E35-A0AA-E3ED5977EA72}
		{0B951DDD-626E-4A4D-9379-17AF77A3531E} = {83D6D1F7-97E1-4E35-A0AA-E3ED5977EA72}
		{D6F102B6-FEDE-4D9A-A3BB-7BF26F26C3C4} = {83D6D1F7-97E1-4E35-A0AA-E3ED5977EA72}
		{92BF7997-2628-4434-A567-6C72352200A4} = {83D6D1F7-97E1-4E35-A0AA-E3ED5977EA72}
		{B3A18F05-F1A4-4CC5-99A2-C77688E52D5E} = {0B951DDD-626E-4A4D-9379-17AF77A3531E}
		{7258AEA6-720B-4554-9661-C40F381CA1C0} = {F476F3D0-65B2-4F0C-AA93-1E0049C7135A}
		{DC4F480C-BC9E-4263-80D4-62CCCAF131E3} = {92BF7997-2628-4434-A567-6C72352200A4}
		{1785B862-DAB8-45DC-9EDC-E2D9021CEAA7} = {D6F102B6-FEDE-4D9A-A3BB-7BF26F26C3C4}
		{1826908E-F3F3-4146-A2A1-5B3D71CB7F3D} = {50BA802D-603E-4BD2-9A3E-AFDABC3AF43C}
		{BE44FCAC-FBFF-4D70-BE52-B181049D1F70} = {1826908E-F3F3-4146-A2A1-5B3D71CB7F3D}
		{FA5723B3-74E9-4221-80EF-4833C1C3DD9F} = {C673DFD1-528A-4BAE-94E6-02EF058AC363}
		{7CD5D816-0F30-45D7-9C9F-872E67F6A711} = {FA5723B3-74E9-4221-80EF-4833C1C3DD9F}
		{2BF14C9B-755E-41FD-BB59-D6A82E0EFC51} = {7CD5D816-0F30-45D7-9C9F-872E67F6A711}
		{60E5C3AE-B377-4E53-B4CF-03D33839F382} = {9D2B336D-17F9-41D5-A4E5-F3EDA7F496A5}
		{248ECFA2-D91E-4544-8B61-9D4410D90BEF} = {60E5C3AE-B377-4E53-B4CF-03D33839F382}
		{B488DC2B-02B2-46D7-9EA6-7033C1190878} = {248ECFA2-D91E-4544-8B61-9D4410D90BEF}
		{01445A10-0E4E-4457-A4CC-D071897D3FCF} = {FA5723B3-74E9-4221-80EF-4833C1C3DD9F}
		{1C04C4F8-3FC6-4487-8E48-779D2F223247} = {FA5723B3-74E9-4221-80EF-4833C1C3DD9F}
		{25550C53-1E7F-46BF-9D94-3369A3A4E5A3} = {FA5723B3-74E9-4221-80EF-4833C1C3DD9F}
		{E7D50060-F040-4607-A0EF-34A4ABB4C770} = {FA5723B3-74E9-4221-80EF-4833C1C3DD9F}
		{CB0677E6-85EC-47B9-A392-FF5B56484F15} = {FA5723B3-74E9-4221-80EF-4833C1C3DD9F}
		{6B24CAD4-8486-405C-B7EB-14086177C634} = {FA5723B3-74E9-4221-80EF-4833C1C3DD9F}
		{47017DCF-19C3-4692-8EB2-45DD9E6893CD} = {01445A10-0E4E-4457-A4CC-D071897D3FCF}
		{64436CDA-A428-44F8-8F16-B8CFD577DE04} = {1C04C4F8-3FC6-4487-8E48-779D2F223247}
		{FE8EE50A-9632-4C2B-8425-6D3D2EE12DFC} = {25550C53-1E7F-46BF-9D94-3369A3A4E5A3}
		{0C82172F-6433-4089-919A-6CA7A54BAFA4} = {E7D50060-F040-4607-A0EF-34A4ABB4C770}
		{A65BCE7D-761C-4D09-8E89-CEA461D7C832} = {6B24CAD4-8486-405C-B7EB-14086177C634}
		{260D68E2-540F-4BFF-AF52-B014E7615795} = {CB0677E6-85EC-47B9-A392-FF5B56484F15}
		{80E7546A-4CED-4644-8900-983422CDE73C} = {7FA977F3-415E-4681-B316-5C273DF3A1C6}
		{D100AACD-E5FB-45E5-980B-B19C091440B2} = {7FA977F3-415E-4681-B316-5C273DF3A1C6}
		{1262085B-6088-4DAA-8683-A9B4AD08EE63} = {5B1C7C37-BAE9-4027-927C-38B2393B3F43}
		{7FA977F3-415E-4681-B316-5C273DF3A1C6} = {5B1C7C37-BAE9-4027-927C-38B2393B3F43}
		{DF383769-5F1F-4692-854F-2E923F3D0F09} = {D100AACD-E5FB-45E5-980B-B19C091440B2}
		{F736604C-A245-411E-BECE-028FBD98166E} = {80E7546A-4CED-4644-8900-983422CDE73C}
		{8C5A02D8-E18B-4060-A567-A4AACC49B2F6} = {3AC17A9C-30BB-4298-8E5A-4FAE73189821}
		{5DFC6330-8303-4045-B186-32B396391D31} = {132EEE99-6194-477A-9416-D7EF173C17FD}
		{61B42F6B-521C-4A07-B592-54975F4AE2E6} = {5DFC6330-8303-4045-B186-32B396391D31}
	EndGlobalSection
	GlobalSection(ExtensibilityGlobals) = postSolution
		SolutionGuid = {8D4ABC6D-7126-4EE2-9303-43A954616B2A}
	EndGlobalSection
EndGlobal
