
Microsoft Visual Studio Solution File, Format Version 12.00
# Visual Studio Version 17
VisualStudioVersion = 17.0.31912.275
MinimumVisualStudioVersion = 10.0.40219.1
Project("{9A19103F-16F7-4668-BE54-9A1E7A4F7556}") = "Deepgram", "Deepgram\Deepgram.csproj", "{B8B59E33-2D73-4A27-8FC6-E464CB28357D}"
EndProject
Project("{9A19103F-16F7-4668-BE54-9A1E7A4F7556}") = "Deepgram.Tests", "Deepgram.Tests\Deepgram.Tests.csproj", "{12C80273-08DD-494C-B06D-DFC6D40B1D95}"
EndProject
Project("{9A19103F-16F7-4668-BE54-9A1E7A4F7556}") = "PreRecorded", "examples\prerecorded\file\PreRecorded.csproj", "{70B63CBA-1130-46D1-A022-6CD31C37C60E}"
EndProject
Project("{9A19103F-16F7-4668-BE54-9A1E7A4F7556}") = "Speak", "examples\speak\file\hello-world\Speak.csproj", "{C3AA63DB-4555-4BEF-B2DD-89A3B19A265B}"
EndProject
Project("{9A19103F-16F7-4668-BE54-9A1E7A4F7556}") = "Streaming", "examples\streaming\file\Streaming.csproj", "{FD8507CC-EECF-4750-81AF-3CF8E536C007}"
EndProject
Project("{9A19103F-16F7-4668-BE54-9A1E7A4F7556}") = "Deepgram.Microphone", "Deepgram.Microphone\Deepgram.Microphone.csproj", "{1D9621D6-8925-44DF-AE89-1381BF4514E4}"
EndProject
Project("{2150E333-8FDC-42A3-9474-1A3956D46DE8}") = "examples", "examples", "{C673DFD1-528A-4BAE-94E6-02EF058AC363}"
EndProject
Project("{2150E333-8FDC-42A3-9474-1A3956D46DE8}") = "speak", "speak", "{E2E3000D-FBBA-450E-A4E0-3542B38ADAFD}"
EndProject
Project("{2150E333-8FDC-42A3-9474-1A3956D46DE8}") = "prerecorded", "prerecorded", "{77ACBABB-CF6B-4929-957C-480E29646DFD}"
EndProject
Project("{2150E333-8FDC-42A3-9474-1A3956D46DE8}") = "streaming", "streaming", "{132EEE99-6194-477A-9416-D7EF173C17FD}"
EndProject
Project("{2150E333-8FDC-42A3-9474-1A3956D46DE8}") = "file", "file", "{5E75479B-B84A-4386-9D3E-69CFB30B24C6}"
EndProject
Project("{2150E333-8FDC-42A3-9474-1A3956D46DE8}") = "microphone", "microphone", "{4D6C28C1-4D3F-4CFC-AF76-A389F6B00EC2}"
EndProject
Project("{2150E333-8FDC-42A3-9474-1A3956D46DE8}") = "file", "file", "{50BA802D-603E-4BD2-9A3E-AFDABC3AF43C}"
EndProject
Project("{2150E333-8FDC-42A3-9474-1A3956D46DE8}") = "hello-world", "hello-world", "{AE6FFA55-DD91-4BC1-AFDF-96F64B5221CD}"
EndProject
Project("{2150E333-8FDC-42A3-9474-1A3956D46DE8}") = "url", "url", "{0414D1CF-79FB-4C5B-BF2B-88C3C1AA4C32}"
EndProject
Project("{9A19103F-16F7-4668-BE54-9A1E7A4F7556}") = "Streaming", "examples\streaming\microphone\Streaming.csproj", "{74335799-3B43-432C-ACD9-FBF2AB32A64A}"
EndProject
Global
	GlobalSection(SolutionConfigurationPlatforms) = preSolution
		Debug|Any CPU = Debug|Any CPU
		Release|Any CPU = Release|Any CPU
	EndGlobalSection
	GlobalSection(ProjectConfigurationPlatforms) = postSolution
		{B8B59E33-2D73-4A27-8FC6-E464CB28357D}.Debug|Any CPU.ActiveCfg = Debug|Any CPU
		{B8B59E33-2D73-4A27-8FC6-E464CB28357D}.Debug|Any CPU.Build.0 = Debug|Any CPU
		{B8B59E33-2D73-4A27-8FC6-E464CB28357D}.Release|Any CPU.ActiveCfg = Release|Any CPU
		{B8B59E33-2D73-4A27-8FC6-E464CB28357D}.Release|Any CPU.Build.0 = Release|Any CPU
		{12C80273-08DD-494C-B06D-DFC6D40B1D95}.Debug|Any CPU.ActiveCfg = Debug|Any CPU
		{12C80273-08DD-494C-B06D-DFC6D40B1D95}.Debug|Any CPU.Build.0 = Debug|Any CPU
		{12C80273-08DD-494C-B06D-DFC6D40B1D95}.Release|Any CPU.ActiveCfg = Release|Any CPU
		{12C80273-08DD-494C-B06D-DFC6D40B1D95}.Release|Any CPU.Build.0 = Release|Any CPU
		{70B63CBA-1130-46D1-A022-6CD31C37C60E}.Debug|Any CPU.ActiveCfg = Debug|Any CPU
		{70B63CBA-1130-46D1-A022-6CD31C37C60E}.Debug|Any CPU.Build.0 = Debug|Any CPU
		{70B63CBA-1130-46D1-A022-6CD31C37C60E}.Release|Any CPU.ActiveCfg = Release|Any CPU
		{70B63CBA-1130-46D1-A022-6CD31C37C60E}.Release|Any CPU.Build.0 = Release|Any CPU
		{C3AA63DB-4555-4BEF-B2DD-89A3B19A265B}.Debug|Any CPU.ActiveCfg = Debug|Any CPU
		{C3AA63DB-4555-4BEF-B2DD-89A3B19A265B}.Debug|Any CPU.Build.0 = Debug|Any CPU
		{C3AA63DB-4555-4BEF-B2DD-89A3B19A265B}.Release|Any CPU.ActiveCfg = Release|Any CPU
		{C3AA63DB-4555-4BEF-B2DD-89A3B19A265B}.Release|Any CPU.Build.0 = Release|Any CPU
		{FD8507CC-EECF-4750-81AF-3CF8E536C007}.Debug|Any CPU.ActiveCfg = Debug|Any CPU
		{FD8507CC-EECF-4750-81AF-3CF8E536C007}.Debug|Any CPU.Build.0 = Debug|Any CPU
		{FD8507CC-EECF-4750-81AF-3CF8E536C007}.Release|Any CPU.ActiveCfg = Release|Any CPU
		{FD8507CC-EECF-4750-81AF-3CF8E536C007}.Release|Any CPU.Build.0 = Release|Any CPU
		{1D9621D6-8925-44DF-AE89-1381BF4514E4}.Debug|Any CPU.ActiveCfg = Debug|Any CPU
		{1D9621D6-8925-44DF-AE89-1381BF4514E4}.Debug|Any CPU.Build.0 = Debug|Any CPU
		{1D9621D6-8925-44DF-AE89-1381BF4514E4}.Release|Any CPU.ActiveCfg = Release|Any CPU
		{1D9621D6-8925-44DF-AE89-1381BF4514E4}.Release|Any CPU.Build.0 = Release|Any CPU
		{74335799-3B43-432C-ACD9-FBF2AB32A64A}.Debug|Any CPU.ActiveCfg = Debug|Any CPU
		{74335799-3B43-432C-ACD9-FBF2AB32A64A}.Debug|Any CPU.Build.0 = Debug|Any CPU
		{74335799-3B43-432C-ACD9-FBF2AB32A64A}.Release|Any CPU.ActiveCfg = Release|Any CPU
		{74335799-3B43-432C-ACD9-FBF2AB32A64A}.Release|Any CPU.Build.0 = Release|Any CPU
	EndGlobalSection
	GlobalSection(SolutionProperties) = preSolution
		HideSolutionNode = FALSE
	EndGlobalSection
	GlobalSection(NestedProjects) = preSolution
		{70B63CBA-1130-46D1-A022-6CD31C37C60E} = {0414D1CF-79FB-4C5B-BF2B-88C3C1AA4C32}
		{C3AA63DB-4555-4BEF-B2DD-89A3B19A265B} = {AE6FFA55-DD91-4BC1-AFDF-96F64B5221CD}
		{FD8507CC-EECF-4750-81AF-3CF8E536C007} = {5E75479B-B84A-4386-9D3E-69CFB30B24C6}
		{E2E3000D-FBBA-450E-A4E0-3542B38ADAFD} = {C673DFD1-528A-4BAE-94E6-02EF058AC363}
		{77ACBABB-CF6B-4929-957C-480E29646DFD} = {C673DFD1-528A-4BAE-94E6-02EF058AC363}
		{132EEE99-6194-477A-9416-D7EF173C17FD} = {C673DFD1-528A-4BAE-94E6-02EF058AC363}
		{5E75479B-B84A-4386-9D3E-69CFB30B24C6} = {132EEE99-6194-477A-9416-D7EF173C17FD}
		{4D6C28C1-4D3F-4CFC-AF76-A389F6B00EC2} = {132EEE99-6194-477A-9416-D7EF173C17FD}
		{50BA802D-603E-4BD2-9A3E-AFDABC3AF43C} = {E2E3000D-FBBA-450E-A4E0-3542B38ADAFD}
		{AE6FFA55-DD91-4BC1-AFDF-96F64B5221CD} = {50BA802D-603E-4BD2-9A3E-AFDABC3AF43C}
		{0414D1CF-79FB-4C5B-BF2B-88C3C1AA4C32} = {77ACBABB-CF6B-4929-957C-480E29646DFD}
		{74335799-3B43-432C-ACD9-FBF2AB32A64A} = {4D6C28C1-4D3F-4CFC-AF76-A389F6B00EC2}
	EndGlobalSection
	GlobalSection(ExtensibilityGlobals) = postSolution
		SolutionGuid = {8D4ABC6D-7126-4EE2-9303-43A954616B2A}
	EndGlobalSection
EndGlobal
